// !$*UTF8*$!
{
	archiveVersion = 1;
	classes = {
	};
	objectVersion = 56;
	objects = {

/* Begin PBXBuildFile section */
		0D16DDD32B8BB65A001D7BAB /* SpotCard.swift in Sources */ = {isa = PBXBuildFile; fileRef = 0D16DDD22B8BB65A001D7BAB /* SpotCard.swift */; };
		0D16DDD52B8C1799001D7BAB /* HCategoryList.swift in Sources */ = {isa = PBXBuildFile; fileRef = 0D16DDD42B8C1799001D7BAB /* HCategoryList.swift */; };
		0D347C362BAB2589003990A0 /* LocationUtils.swift in Sources */ = {isa = PBXBuildFile; fileRef = 0D347C352BAB2589003990A0 /* LocationUtils.swift */; };
		0D347C382BAB4FA4003990A0 /* BackendService.swift in Sources */ = {isa = PBXBuildFile; fileRef = 0D347C372BAB4FA4003990A0 /* BackendService.swift */; };
		0D8BBB662B91462800739448 /* LocationService.swift in Sources */ = {isa = PBXBuildFile; fileRef = 0D8BBB652B91462800739448 /* LocationService.swift */; };
		0DC6449C2BCEE7180004684E /* ContentViewModel.swift in Sources */ = {isa = PBXBuildFile; fileRef = 0DC6449B2BCEE7180004684E /* ContentViewModel.swift */; };
		0DCB7BD82B86F0290088C333 /* BrowseView.swift in Sources */ = {isa = PBXBuildFile; fileRef = 0DCB7BD52B86F0290088C333 /* BrowseView.swift */; };
		0DCB7BD92B86F0290088C333 /* ForYouView.swift in Sources */ = {isa = PBXBuildFile; fileRef = 0DCB7BD62B86F0290088C333 /* ForYouView.swift */; };
		0DCB7BDA2B86F0290088C333 /* BookmarksView.swift in Sources */ = {isa = PBXBuildFile; fileRef = 0DCB7BD72B86F0290088C333 /* BookmarksView.swift */; };
		0DCDE9C02BD1FCD8006F43BD /* CacheService.swift in Sources */ = {isa = PBXBuildFile; fileRef = 0DCDE9BF2BD1FCD8006F43BD /* CacheService.swift */; };
		6C0C82DA2B8D2D99004EAE3F /* Firebase.swift in Sources */ = {isa = PBXBuildFile; fileRef = 6C0C82D92B8D2D99004EAE3F /* Firebase.swift */; };
		6C0C82DD2B8D2E49004EAE3F /* FirebaseFirestore in Frameworks */ = {isa = PBXBuildFile; productRef = 6C0C82DC2B8D2E49004EAE3F /* FirebaseFirestore */; };
		6C1021982B96710D007DCEEF /* SpotSAFirebase.swift in Sources */ = {isa = PBXBuildFile; fileRef = 6C1021972B96710D007DCEEF /* SpotSAFirebase.swift */; };
		6C10219A2B96712D007DCEEF /* SpotSA.swift in Sources */ = {isa = PBXBuildFile; fileRef = 6C1021992B96712D007DCEEF /* SpotSA.swift */; };
		6C10219C2B96AB87007DCEEF /* Error.swift in Sources */ = {isa = PBXBuildFile; fileRef = 6C10219B2B96AB87007DCEEF /* Error.swift */; };
		6C10219E2B96B4CB007DCEEF /* SpotRepository.swift in Sources */ = {isa = PBXBuildFile; fileRef = 6C10219D2B96B4CB007DCEEF /* SpotRepository.swift */; };
		6C1021A12B96B4E1007DCEEF /* SpotRepositoryImpl.swift in Sources */ = {isa = PBXBuildFile; fileRef = 6C1021A02B96B4E1007DCEEF /* SpotRepositoryImpl.swift */; };
		6C1226C82BCDDFA400A18E77 /* UserView.swift in Sources */ = {isa = PBXBuildFile; fileRef = 6C1226C72BCDDFA400A18E77 /* UserView.swift */; };
		6C1811D52B8AC15C0066F3D0 /* LoginView.swift in Sources */ = {isa = PBXBuildFile; fileRef = 6C1811D42B8AC15C0066F3D0 /* LoginView.swift */; };
		6C1811E12B8ACA090066F3D0 /* ArchivoBlack-Regular.ttf in Resources */ = {isa = PBXBuildFile; fileRef = 6C1811E02B8ACA090066F3D0 /* ArchivoBlack-Regular.ttf */; };
		6C1811E22B8ACA090066F3D0 /* ArchivoBlack-Regular.ttf in Resources */ = {isa = PBXBuildFile; fileRef = 6C1811E02B8ACA090066F3D0 /* ArchivoBlack-Regular.ttf */; };
		6C2504F12BA9D00A0018D1DD /* CategorySA.swift in Sources */ = {isa = PBXBuildFile; fileRef = 6C2504F02BA9D00A0018D1DD /* CategorySA.swift */; };
		6C2504F32BA9D0310018D1DD /* CategorySAFirebase.swift in Sources */ = {isa = PBXBuildFile; fileRef = 6C2504F22BA9D0310018D1DD /* CategorySAFirebase.swift */; };
		6C2504F62BA9D25B0018D1DD /* CategoryRepository.swift in Sources */ = {isa = PBXBuildFile; fileRef = 6C2504F52BA9D25B0018D1DD /* CategoryRepository.swift */; };
		6C2504F82BA9D26C0018D1DD /* CategoryRepositoryImpl.swift in Sources */ = {isa = PBXBuildFile; fileRef = 6C2504F72BA9D26C0018D1DD /* CategoryRepositoryImpl.swift */; };
		6C28ACCA2BD4038500D5A4AD /* BookmarksUsageSA.swift in Sources */ = {isa = PBXBuildFile; fileRef = 6C28ACC92BD4038500D5A4AD /* BookmarksUsageSA.swift */; };
		6C28ACCC2BD4039500D5A4AD /* BookmarksUsageSAFirebase.swift in Sources */ = {isa = PBXBuildFile; fileRef = 6C28ACCB2BD4039500D5A4AD /* BookmarksUsageSAFirebase.swift */; };
		6C396DC22BC83EB0006F0855 /* NetworkService.swift in Sources */ = {isa = PBXBuildFile; fileRef = 6C396DC12BC83EB0006F0855 /* NetworkService.swift */; };
		6C46E4CF2BD1DECD006DCB64 /* BookmarksViewModel.swift in Sources */ = {isa = PBXBuildFile; fileRef = 6C46E4CE2BD1DECD006DCB64 /* BookmarksViewModel.swift */; };
		6C5ED6D12B8ADB1000AF115C /* FirebaseAnalytics in Frameworks */ = {isa = PBXBuildFile; productRef = 6C5ED6D02B8ADB1000AF115C /* FirebaseAnalytics */; };
		6C5ED6D32B8ADB1000AF115C /* FirebaseAnalyticsSwift in Frameworks */ = {isa = PBXBuildFile; productRef = 6C5ED6D22B8ADB1000AF115C /* FirebaseAnalyticsSwift */; };
		6C5ED6D52B8ADB1000AF115C /* FirebaseAnalyticsWithoutAdIdSupport in Frameworks */ = {isa = PBXBuildFile; productRef = 6C5ED6D42B8ADB1000AF115C /* FirebaseAnalyticsWithoutAdIdSupport */; };
		6CBFB8372BD03D1F00D69E85 /* BookmarksService.swift in Sources */ = {isa = PBXBuildFile; fileRef = 6CBFB8362BD03D1F00D69E85 /* BookmarksService.swift */; };
		6CC929052B84FB0700EDDE78 /* ContentView.swift in Sources */ = {isa = PBXBuildFile; fileRef = 6CC929042B84FB0700EDDE78 /* ContentView.swift */; };
		6CC929072B84FB0900EDDE78 /* Assets.xcassets in Resources */ = {isa = PBXBuildFile; fileRef = 6CC929062B84FB0900EDDE78 /* Assets.xcassets */; };
		6CC9290A2B84FB0900EDDE78 /* Preview Assets.xcassets in Resources */ = {isa = PBXBuildFile; fileRef = 6CC929092B84FB0900EDDE78 /* Preview Assets.xcassets */; };
		6CC929142B84FB0900EDDE78 /* FoodBookAppTests.swift in Sources */ = {isa = PBXBuildFile; fileRef = 6CC929132B84FB0900EDDE78 /* FoodBookAppTests.swift */; };
		6CC9291E2B84FB0900EDDE78 /* FoodBookAppUITests.swift in Sources */ = {isa = PBXBuildFile; fileRef = 6CC9291D2B84FB0900EDDE78 /* FoodBookAppUITests.swift */; };
		6CC929202B84FB0900EDDE78 /* FoodBookAppUITestsLaunchTests.swift in Sources */ = {isa = PBXBuildFile; fileRef = 6CC9291F2B84FB0900EDDE78 /* FoodBookAppUITestsLaunchTests.swift */; };
		6CC9292D2B84FFEE00EDDE78 /* FoodBookApp.swift in Sources */ = {isa = PBXBuildFile; fileRef = 6CC9292C2B84FFEE00EDDE78 /* FoodBookApp.swift */; };
		6CE6C5D12B8E1576008C7349 /* RootView.swift in Sources */ = {isa = PBXBuildFile; fileRef = 6CE6C5D02B8E1576008C7349 /* RootView.swift */; };
		6CF57A802BD408C000A8D2BF /* BookmarksUsageRepository.swift in Sources */ = {isa = PBXBuildFile; fileRef = 6CF57A7F2BD408C000A8D2BF /* BookmarksUsageRepository.swift */; };
		6CF57A822BD408D200A8D2BF /* BookmarksUsageRepositoryImpl.swift in Sources */ = {isa = PBXBuildFile; fileRef = 6CF57A812BD408D200A8D2BF /* BookmarksUsageRepositoryImpl.swift */; };
		6CF6CCCF2BCF5B5B006F3DE9 /* SQLite in Frameworks */ = {isa = PBXBuildFile; productRef = 6CF6CCCE2BCF5B5B006F3DE9 /* SQLite */; };
		6CF821772B8D7E15008E7057 /* AuthService.swift in Sources */ = {isa = PBXBuildFile; fileRef = 6CF821762B8D7E15008E7057 /* AuthService.swift */; };
		6CF821792B8D7FF8008E7057 /* FirebaseAuth in Frameworks */ = {isa = PBXBuildFile; productRef = 6CF821782B8D7FF8008E7057 /* FirebaseAuth */; };
		6CF8217B2B8D877B008E7057 /* GoogleService-Info.plist in Resources */ = {isa = PBXBuildFile; fileRef = 6CF8217A2B8D877B008E7057 /* GoogleService-Info.plist */; };
		6CF8217E2B8D8837008E7057 /* GoogleSignIn in Frameworks */ = {isa = PBXBuildFile; productRef = 6CF8217D2B8D8837008E7057 /* GoogleSignIn */; };
		6CF821802B8D8837008E7057 /* GoogleSignInSwift in Frameworks */ = {isa = PBXBuildFile; productRef = 6CF8217F2B8D8837008E7057 /* GoogleSignInSwift */; };
		6CF821822B8D891D008E7057 /* LoginViewModel.swift in Sources */ = {isa = PBXBuildFile; fileRef = 6CF821812B8D891D008E7057 /* LoginViewModel.swift */; };
		6CF821852B8D8A0D008E7057 /* Utils.swift in Sources */ = {isa = PBXBuildFile; fileRef = 6CF821842B8D8A0C008E7057 /* Utils.swift */; };
		6CF821892B8D92FB008E7057 /* SignInGoogleHelper.swift in Sources */ = {isa = PBXBuildFile; fileRef = 6CF821882B8D92FB008E7057 /* SignInGoogleHelper.swift */; };
		D30C88132B8FB5B50052C01E /* CreateReview2View.swift in Sources */ = {isa = PBXBuildFile; fileRef = D30C88122B8FB5B50052C01E /* CreateReview2View.swift */; };
		D30C88212B9108C20052C01E /* Separator.swift in Sources */ = {isa = PBXBuildFile; fileRef = D30C88202B9108C20052C01E /* Separator.swift */; };
		D31966A32BA7A54300E1DD53 /* NotificationHandler.swift in Sources */ = {isa = PBXBuildFile; fileRef = D31966A22BA7A54300E1DD53 /* NotificationHandler.swift */; };
		D319C47B2B8D5FB90030ED34 /* SpotDetailView.swift in Sources */ = {isa = PBXBuildFile; fileRef = D319C47A2B8D5FB90030ED34 /* SpotDetailView.swift */; };
		D31D67092BA904A100B22A79 /* ReviewSA.swift in Sources */ = {isa = PBXBuildFile; fileRef = D31D67082BA904A100B22A79 /* ReviewSA.swift */; };
		D31D670B2BA904FE00B22A79 /* ReviewSAFirebase.swift in Sources */ = {isa = PBXBuildFile; fileRef = D31D670A2BA904FE00B22A79 /* ReviewSAFirebase.swift */; };
		D31D670E2BA906D500B22A79 /* ReviewRepository.swift in Sources */ = {isa = PBXBuildFile; fileRef = D31D670D2BA906D500B22A79 /* ReviewRepository.swift */; };
		D31D67102BA906E600B22A79 /* ReviewRepositoryImpl.swift in Sources */ = {isa = PBXBuildFile; fileRef = D31D670F2BA906E600B22A79 /* ReviewRepositoryImpl.swift */; };
		D31D67162BA9119700B22A79 /* CreateReview2ViewModel.swift in Sources */ = {isa = PBXBuildFile; fileRef = D31D67152BA9119700B22A79 /* CreateReview2ViewModel.swift */; };
		D31D67182BAA763B00B22A79 /* FirebaseStorage in Frameworks */ = {isa = PBXBuildFile; productRef = D31D67172BAA763B00B22A79 /* FirebaseStorage */; };
		D321E4962B8E971500F93974 /* ReviewsView.swift in Sources */ = {isa = PBXBuildFile; fileRef = D321E4952B8E971500F93974 /* ReviewsView.swift */; };
		D321E4A02B8F883A00F93974 /* SpotDetailViewModel.swift in Sources */ = {isa = PBXBuildFile; fileRef = D321E49F2B8F883A00F93974 /* SpotDetailViewModel.swift */; };
		D321E4A42B8F929200F93974 /* Review.swift in Sources */ = {isa = PBXBuildFile; fileRef = D321E4A32B8F929200F93974 /* Review.swift */; };
		D321E4A62B8F929D00F93974 /* Spot.swift in Sources */ = {isa = PBXBuildFile; fileRef = D321E4A52B8F929D00F93974 /* Spot.swift */; };
		D32FC9A32B9624A8008D66BA /* ClearButton.swift in Sources */ = {isa = PBXBuildFile; fileRef = D32FC9A22B9624A8008D66BA /* ClearButton.swift */; };
		D338BDAB2BCF408C005481EF /* SQLite in Frameworks */ = {isa = PBXBuildFile; productRef = D338BDAA2BCF408C005481EF /* SQLite */; };
		D338BDAD2BCF435A005481EF /* UnfinishedReviewSAFirebase.swift in Sources */ = {isa = PBXBuildFile; fileRef = D338BDAC2BCF435A005481EF /* UnfinishedReviewSAFirebase.swift */; };
		D338BDAF2BCF4391005481EF /* UnfinishedReviewSA.swift in Sources */ = {isa = PBXBuildFile; fileRef = D338BDAE2BCF4391005481EF /* UnfinishedReviewSA.swift */; };
		D338BDB22BCF461C005481EF /* UnfinishedReviewRepository.swift in Sources */ = {isa = PBXBuildFile; fileRef = D338BDB12BCF461C005481EF /* UnfinishedReviewRepository.swift */; };
		D338BDB42BCF46A9005481EF /* UnfinishedReviewImpl.swift in Sources */ = {isa = PBXBuildFile; fileRef = D338BDB32BCF46A9005481EF /* UnfinishedReviewImpl.swift */; };
		D342009D2B91404A00B8817C /* TextButton.swift in Sources */ = {isa = PBXBuildFile; fileRef = D342009C2B91404A00B8817C /* TextButton.swift */; };
		D342009F2B91414800B8817C /* BoldTextButton.swift in Sources */ = {isa = PBXBuildFile; fileRef = D342009E2B91414800B8817C /* BoldTextButton.swift */; };
		D34B697A2B8FA2BA0043937B /* CreateReview1View.swift in Sources */ = {isa = PBXBuildFile; fileRef = D34B69792B8FA2BA0043937B /* CreateReview1View.swift */; };
		D34B697C2B8FAD7F0043937B /* CreateReview1ViewModel.swift in Sources */ = {isa = PBXBuildFile; fileRef = D34B697B2B8FAD7F0043937B /* CreateReview1ViewModel.swift */; };
		D37B0E0F2BCC9ADC00EEFA08 /* DBManager.swift in Sources */ = {isa = PBXBuildFile; fileRef = D37B0E0E2BCC9ADB00EEFA08 /* DBManager.swift */; };
		D3D92B0F2BCCABE00077C30D /* ReviewDraft.swift in Sources */ = {isa = PBXBuildFile; fileRef = D3D92B0E2BCCABE00077C30D /* ReviewDraft.swift */; };
		D3DA08072B96EB3B00475AC9 /* LargeButton.swift in Sources */ = {isa = PBXBuildFile; fileRef = D3DA08062B96EB3A00475AC9 /* LargeButton.swift */; };
		D3DC76242B96988100AC9CAB /* ImagePicker.swift in Sources */ = {isa = PBXBuildFile; fileRef = D3DC76232B96988100AC9CAB /* ImagePicker.swift */; };
/* End PBXBuildFile section */

/* Begin PBXContainerItemProxy section */
		6CC929102B84FB0900EDDE78 /* PBXContainerItemProxy */ = {
			isa = PBXContainerItemProxy;
			containerPortal = 6CC928F72B84FB0700EDDE78 /* Project object */;
			proxyType = 1;
			remoteGlobalIDString = 6CC928FE2B84FB0700EDDE78;
			remoteInfo = FoodBookApp;
		};
		6CC9291A2B84FB0900EDDE78 /* PBXContainerItemProxy */ = {
			isa = PBXContainerItemProxy;
			containerPortal = 6CC928F72B84FB0700EDDE78 /* Project object */;
			proxyType = 1;
			remoteGlobalIDString = 6CC928FE2B84FB0700EDDE78;
			remoteInfo = FoodBookApp;
		};
/* End PBXContainerItemProxy section */

/* Begin PBXCopyFilesBuildPhase section */
		D37B0E0C2BCC997E00EEFA08 /* Embed Frameworks */ = {
			isa = PBXCopyFilesBuildPhase;
			buildActionMask = 2147483647;
			dstPath = "";
			dstSubfolderSpec = 10;
			files = (
			);
			name = "Embed Frameworks";
			runOnlyForDeploymentPostprocessing = 0;
		};
/* End PBXCopyFilesBuildPhase section */

/* Begin PBXFileReference section */
		0D16DDD22B8BB65A001D7BAB /* SpotCard.swift */ = {isa = PBXFileReference; lastKnownFileType = sourcecode.swift; path = SpotCard.swift; sourceTree = "<group>"; };
		0D16DDD42B8C1799001D7BAB /* HCategoryList.swift */ = {isa = PBXFileReference; lastKnownFileType = sourcecode.swift; path = HCategoryList.swift; sourceTree = "<group>"; };
		0D347C352BAB2589003990A0 /* LocationUtils.swift */ = {isa = PBXFileReference; lastKnownFileType = sourcecode.swift; path = LocationUtils.swift; sourceTree = "<group>"; };
		0D347C372BAB4FA4003990A0 /* BackendService.swift */ = {isa = PBXFileReference; lastKnownFileType = sourcecode.swift; path = BackendService.swift; sourceTree = "<group>"; };
		0D8BBB652B91462800739448 /* LocationService.swift */ = {isa = PBXFileReference; lastKnownFileType = sourcecode.swift; path = LocationService.swift; sourceTree = "<group>"; };
		0DA610BC2B8D2A5500DFDFF4 /* Spot.swift */ = {isa = PBXFileReference; lastKnownFileType = sourcecode.swift; path = Spot.swift; sourceTree = "<group>"; };
		0DC6449B2BCEE7180004684E /* ContentViewModel.swift */ = {isa = PBXFileReference; lastKnownFileType = sourcecode.swift; path = ContentViewModel.swift; sourceTree = "<group>"; };
		0DCB7BD52B86F0290088C333 /* BrowseView.swift */ = {isa = PBXFileReference; fileEncoding = 4; lastKnownFileType = sourcecode.swift; path = BrowseView.swift; sourceTree = "<group>"; };
		0DCB7BD62B86F0290088C333 /* ForYouView.swift */ = {isa = PBXFileReference; fileEncoding = 4; lastKnownFileType = sourcecode.swift; path = ForYouView.swift; sourceTree = "<group>"; };
		0DCB7BD72B86F0290088C333 /* BookmarksView.swift */ = {isa = PBXFileReference; fileEncoding = 4; lastKnownFileType = sourcecode.swift; path = BookmarksView.swift; sourceTree = "<group>"; };
		0DCDE9BF2BD1FCD8006F43BD /* CacheService.swift */ = {isa = PBXFileReference; lastKnownFileType = sourcecode.swift; path = CacheService.swift; sourceTree = "<group>"; };
		6C0C82D92B8D2D99004EAE3F /* Firebase.swift */ = {isa = PBXFileReference; lastKnownFileType = sourcecode.swift; path = Firebase.swift; sourceTree = "<group>"; };
		6C1021972B96710D007DCEEF /* SpotSAFirebase.swift */ = {isa = PBXFileReference; lastKnownFileType = sourcecode.swift; path = SpotSAFirebase.swift; sourceTree = "<group>"; };
		6C1021992B96712D007DCEEF /* SpotSA.swift */ = {isa = PBXFileReference; lastKnownFileType = sourcecode.swift; path = SpotSA.swift; sourceTree = "<group>"; };
		6C10219B2B96AB87007DCEEF /* Error.swift */ = {isa = PBXFileReference; lastKnownFileType = sourcecode.swift; path = Error.swift; sourceTree = "<group>"; };
		6C10219D2B96B4CB007DCEEF /* SpotRepository.swift */ = {isa = PBXFileReference; lastKnownFileType = sourcecode.swift; path = SpotRepository.swift; sourceTree = "<group>"; };
		6C1021A02B96B4E1007DCEEF /* SpotRepositoryImpl.swift */ = {isa = PBXFileReference; lastKnownFileType = sourcecode.swift; path = SpotRepositoryImpl.swift; sourceTree = "<group>"; };
		6C1226C72BCDDFA400A18E77 /* UserView.swift */ = {isa = PBXFileReference; lastKnownFileType = sourcecode.swift; path = UserView.swift; sourceTree = "<group>"; };
		6C1811D42B8AC15C0066F3D0 /* LoginView.swift */ = {isa = PBXFileReference; lastKnownFileType = sourcecode.swift; path = LoginView.swift; sourceTree = "<group>"; };
		6C1811DA2B8AC62B0066F3D0 /* Info.plist */ = {isa = PBXFileReference; lastKnownFileType = text.plist; path = Info.plist; sourceTree = "<group>"; };
		6C1811E02B8ACA090066F3D0 /* ArchivoBlack-Regular.ttf */ = {isa = PBXFileReference; lastKnownFileType = file; path = "ArchivoBlack-Regular.ttf"; sourceTree = "<group>"; };
		6C2504F02BA9D00A0018D1DD /* CategorySA.swift */ = {isa = PBXFileReference; lastKnownFileType = sourcecode.swift; path = CategorySA.swift; sourceTree = "<group>"; };
		6C2504F22BA9D0310018D1DD /* CategorySAFirebase.swift */ = {isa = PBXFileReference; lastKnownFileType = sourcecode.swift; path = CategorySAFirebase.swift; sourceTree = "<group>"; };
		6C2504F52BA9D25B0018D1DD /* CategoryRepository.swift */ = {isa = PBXFileReference; lastKnownFileType = sourcecode.swift; path = CategoryRepository.swift; sourceTree = "<group>"; };
		6C2504F72BA9D26C0018D1DD /* CategoryRepositoryImpl.swift */ = {isa = PBXFileReference; lastKnownFileType = sourcecode.swift; path = CategoryRepositoryImpl.swift; sourceTree = "<group>"; };
		6C28ACC92BD4038500D5A4AD /* BookmarksUsageSA.swift */ = {isa = PBXFileReference; lastKnownFileType = sourcecode.swift; path = BookmarksUsageSA.swift; sourceTree = "<group>"; };
		6C28ACCB2BD4039500D5A4AD /* BookmarksUsageSAFirebase.swift */ = {isa = PBXFileReference; lastKnownFileType = sourcecode.swift; path = BookmarksUsageSAFirebase.swift; sourceTree = "<group>"; };
		6C396DC12BC83EB0006F0855 /* NetworkService.swift */ = {isa = PBXFileReference; lastKnownFileType = sourcecode.swift; path = NetworkService.swift; sourceTree = "<group>"; };
		6C46E4CE2BD1DECD006DCB64 /* BookmarksViewModel.swift */ = {isa = PBXFileReference; lastKnownFileType = sourcecode.swift; path = BookmarksViewModel.swift; sourceTree = "<group>"; };
		6CBFB8362BD03D1F00D69E85 /* BookmarksService.swift */ = {isa = PBXFileReference; lastKnownFileType = sourcecode.swift; path = BookmarksService.swift; sourceTree = "<group>"; };
		6CC928FF2B84FB0700EDDE78 /* FoodBookApp.app */ = {isa = PBXFileReference; explicitFileType = wrapper.application; includeInIndex = 0; path = FoodBookApp.app; sourceTree = BUILT_PRODUCTS_DIR; };
		6CC929042B84FB0700EDDE78 /* ContentView.swift */ = {isa = PBXFileReference; lastKnownFileType = sourcecode.swift; path = ContentView.swift; sourceTree = "<group>"; };
		6CC929062B84FB0900EDDE78 /* Assets.xcassets */ = {isa = PBXFileReference; lastKnownFileType = folder.assetcatalog; path = Assets.xcassets; sourceTree = "<group>"; };
		6CC929092B84FB0900EDDE78 /* Preview Assets.xcassets */ = {isa = PBXFileReference; lastKnownFileType = folder.assetcatalog; path = "Preview Assets.xcassets"; sourceTree = "<group>"; };
		6CC9290F2B84FB0900EDDE78 /* FoodBookAppTests.xctest */ = {isa = PBXFileReference; explicitFileType = wrapper.cfbundle; includeInIndex = 0; path = FoodBookAppTests.xctest; sourceTree = BUILT_PRODUCTS_DIR; };
		6CC929132B84FB0900EDDE78 /* FoodBookAppTests.swift */ = {isa = PBXFileReference; lastKnownFileType = sourcecode.swift; path = FoodBookAppTests.swift; sourceTree = "<group>"; };
		6CC929192B84FB0900EDDE78 /* FoodBookAppUITests.xctest */ = {isa = PBXFileReference; explicitFileType = wrapper.cfbundle; includeInIndex = 0; path = FoodBookAppUITests.xctest; sourceTree = BUILT_PRODUCTS_DIR; };
		6CC9291D2B84FB0900EDDE78 /* FoodBookAppUITests.swift */ = {isa = PBXFileReference; lastKnownFileType = sourcecode.swift; path = FoodBookAppUITests.swift; sourceTree = "<group>"; };
		6CC9291F2B84FB0900EDDE78 /* FoodBookAppUITestsLaunchTests.swift */ = {isa = PBXFileReference; lastKnownFileType = sourcecode.swift; path = FoodBookAppUITestsLaunchTests.swift; sourceTree = "<group>"; };
		6CC9292C2B84FFEE00EDDE78 /* FoodBookApp.swift */ = {isa = PBXFileReference; fileEncoding = 4; lastKnownFileType = sourcecode.swift; path = FoodBookApp.swift; sourceTree = "<group>"; };
		6CE6C5D02B8E1576008C7349 /* RootView.swift */ = {isa = PBXFileReference; lastKnownFileType = sourcecode.swift; path = RootView.swift; sourceTree = "<group>"; };
		6CF57A7F2BD408C000A8D2BF /* BookmarksUsageRepository.swift */ = {isa = PBXFileReference; lastKnownFileType = sourcecode.swift; path = BookmarksUsageRepository.swift; sourceTree = "<group>"; };
		6CF57A812BD408D200A8D2BF /* BookmarksUsageRepositoryImpl.swift */ = {isa = PBXFileReference; lastKnownFileType = sourcecode.swift; path = BookmarksUsageRepositoryImpl.swift; sourceTree = "<group>"; };
		6CF821762B8D7E15008E7057 /* AuthService.swift */ = {isa = PBXFileReference; lastKnownFileType = sourcecode.swift; path = AuthService.swift; sourceTree = "<group>"; };
		6CF8217A2B8D877B008E7057 /* GoogleService-Info.plist */ = {isa = PBXFileReference; fileEncoding = 4; lastKnownFileType = text.plist.xml; path = "GoogleService-Info.plist"; sourceTree = "<group>"; };
		6CF821812B8D891D008E7057 /* LoginViewModel.swift */ = {isa = PBXFileReference; lastKnownFileType = sourcecode.swift; path = LoginViewModel.swift; sourceTree = "<group>"; };
		6CF821842B8D8A0C008E7057 /* Utils.swift */ = {isa = PBXFileReference; lastKnownFileType = sourcecode.swift; path = Utils.swift; sourceTree = "<group>"; };
		6CF821882B8D92FB008E7057 /* SignInGoogleHelper.swift */ = {isa = PBXFileReference; lastKnownFileType = sourcecode.swift; path = SignInGoogleHelper.swift; sourceTree = "<group>"; };
		D30C88122B8FB5B50052C01E /* CreateReview2View.swift */ = {isa = PBXFileReference; lastKnownFileType = sourcecode.swift; path = CreateReview2View.swift; sourceTree = "<group>"; };
		D30C881A2B90EB560052C01E /* TextButton.swift */ = {isa = PBXFileReference; lastKnownFileType = sourcecode.swift; path = TextButton.swift; sourceTree = "<group>"; };
		D30C88202B9108C20052C01E /* Separator.swift */ = {isa = PBXFileReference; lastKnownFileType = sourcecode.swift; path = Separator.swift; sourceTree = "<group>"; };
		D31966A22BA7A54300E1DD53 /* NotificationHandler.swift */ = {isa = PBXFileReference; lastKnownFileType = sourcecode.swift; path = NotificationHandler.swift; sourceTree = "<group>"; };
		D319C47A2B8D5FB90030ED34 /* SpotDetailView.swift */ = {isa = PBXFileReference; lastKnownFileType = sourcecode.swift; path = SpotDetailView.swift; sourceTree = "<group>"; };
		D31D67082BA904A100B22A79 /* ReviewSA.swift */ = {isa = PBXFileReference; lastKnownFileType = sourcecode.swift; path = ReviewSA.swift; sourceTree = "<group>"; };
		D31D670A2BA904FE00B22A79 /* ReviewSAFirebase.swift */ = {isa = PBXFileReference; lastKnownFileType = sourcecode.swift; path = ReviewSAFirebase.swift; sourceTree = "<group>"; };
		D31D670D2BA906D500B22A79 /* ReviewRepository.swift */ = {isa = PBXFileReference; lastKnownFileType = sourcecode.swift; path = ReviewRepository.swift; sourceTree = "<group>"; };
		D31D670F2BA906E600B22A79 /* ReviewRepositoryImpl.swift */ = {isa = PBXFileReference; lastKnownFileType = sourcecode.swift; path = ReviewRepositoryImpl.swift; sourceTree = "<group>"; };
		D31D67152BA9119700B22A79 /* CreateReview2ViewModel.swift */ = {isa = PBXFileReference; lastKnownFileType = sourcecode.swift; path = CreateReview2ViewModel.swift; sourceTree = "<group>"; };
		D321E4952B8E971500F93974 /* ReviewsView.swift */ = {isa = PBXFileReference; lastKnownFileType = sourcecode.swift; path = ReviewsView.swift; sourceTree = "<group>"; };
		D321E49F2B8F883A00F93974 /* SpotDetailViewModel.swift */ = {isa = PBXFileReference; lastKnownFileType = sourcecode.swift; path = SpotDetailViewModel.swift; sourceTree = "<group>"; };
		D321E4A32B8F929200F93974 /* Review.swift */ = {isa = PBXFileReference; lastKnownFileType = sourcecode.swift; path = Review.swift; sourceTree = "<group>"; };
		D321E4A52B8F929D00F93974 /* Spot.swift */ = {isa = PBXFileReference; lastKnownFileType = sourcecode.swift; path = Spot.swift; sourceTree = "<group>"; };
		D32FC9A22B9624A8008D66BA /* ClearButton.swift */ = {isa = PBXFileReference; lastKnownFileType = sourcecode.swift; path = ClearButton.swift; sourceTree = "<group>"; };
		D338BDAC2BCF435A005481EF /* UnfinishedReviewSAFirebase.swift */ = {isa = PBXFileReference; lastKnownFileType = sourcecode.swift; path = UnfinishedReviewSAFirebase.swift; sourceTree = "<group>"; };
		D338BDAE2BCF4391005481EF /* UnfinishedReviewSA.swift */ = {isa = PBXFileReference; lastKnownFileType = sourcecode.swift; path = UnfinishedReviewSA.swift; sourceTree = "<group>"; };
		D338BDB12BCF461C005481EF /* UnfinishedReviewRepository.swift */ = {isa = PBXFileReference; lastKnownFileType = sourcecode.swift; path = UnfinishedReviewRepository.swift; sourceTree = "<group>"; };
		D338BDB32BCF46A9005481EF /* UnfinishedReviewImpl.swift */ = {isa = PBXFileReference; lastKnownFileType = sourcecode.swift; path = UnfinishedReviewImpl.swift; sourceTree = "<group>"; };
		D342009C2B91404A00B8817C /* TextButton.swift */ = {isa = PBXFileReference; lastKnownFileType = sourcecode.swift; path = TextButton.swift; sourceTree = "<group>"; };
		D342009E2B91414800B8817C /* BoldTextButton.swift */ = {isa = PBXFileReference; lastKnownFileType = sourcecode.swift; path = BoldTextButton.swift; sourceTree = "<group>"; };
		D34200A22B925A5D00B8817C /* Separator.swift */ = {isa = PBXFileReference; lastKnownFileType = sourcecode.swift; path = Separator.swift; sourceTree = "<group>"; };
		D34B69792B8FA2BA0043937B /* CreateReview1View.swift */ = {isa = PBXFileReference; lastKnownFileType = sourcecode.swift; path = CreateReview1View.swift; sourceTree = "<group>"; };
		D34B697B2B8FAD7F0043937B /* CreateReview1ViewModel.swift */ = {isa = PBXFileReference; lastKnownFileType = sourcecode.swift; path = CreateReview1ViewModel.swift; sourceTree = "<group>"; };
		D37B0E0E2BCC9ADB00EEFA08 /* DBManager.swift */ = {isa = PBXFileReference; lastKnownFileType = sourcecode.swift; path = DBManager.swift; sourceTree = "<group>"; };
		D3D92B0E2BCCABE00077C30D /* ReviewDraft.swift */ = {isa = PBXFileReference; lastKnownFileType = sourcecode.swift; path = ReviewDraft.swift; sourceTree = "<group>"; };
		D3DA08062B96EB3A00475AC9 /* LargeButton.swift */ = {isa = PBXFileReference; lastKnownFileType = sourcecode.swift; path = LargeButton.swift; sourceTree = "<group>"; };
		D3DC76232B96988100AC9CAB /* ImagePicker.swift */ = {isa = PBXFileReference; lastKnownFileType = sourcecode.swift; path = ImagePicker.swift; sourceTree = "<group>"; };
/* End PBXFileReference section */

/* Begin PBXFrameworksBuildPhase section */
		6CC928FC2B84FB0700EDDE78 /* Frameworks */ = {
			isa = PBXFrameworksBuildPhase;
			buildActionMask = 2147483647;
			files = (
				D338BDAB2BCF408C005481EF /* SQLite in Frameworks */,
				6CF821792B8D7FF8008E7057 /* FirebaseAuth in Frameworks */,
				D31D67182BAA763B00B22A79 /* FirebaseStorage in Frameworks */,
				6C5ED6D32B8ADB1000AF115C /* FirebaseAnalyticsSwift in Frameworks */,
				6CF821802B8D8837008E7057 /* GoogleSignInSwift in Frameworks */,
				6C5ED6D52B8ADB1000AF115C /* FirebaseAnalyticsWithoutAdIdSupport in Frameworks */,
				6C0C82DD2B8D2E49004EAE3F /* FirebaseFirestore in Frameworks */,
				6CF6CCCF2BCF5B5B006F3DE9 /* SQLite in Frameworks */,
				6C5ED6D12B8ADB1000AF115C /* FirebaseAnalytics in Frameworks */,
				6CF8217E2B8D8837008E7057 /* GoogleSignIn in Frameworks */,
			);
			runOnlyForDeploymentPostprocessing = 0;
		};
		6CC9290C2B84FB0900EDDE78 /* Frameworks */ = {
			isa = PBXFrameworksBuildPhase;
			buildActionMask = 2147483647;
			files = (
			);
			runOnlyForDeploymentPostprocessing = 0;
		};
		6CC929162B84FB0900EDDE78 /* Frameworks */ = {
			isa = PBXFrameworksBuildPhase;
			buildActionMask = 2147483647;
			files = (
			);
			runOnlyForDeploymentPostprocessing = 0;
		};
/* End PBXFrameworksBuildPhase section */

/* Begin PBXGroup section */
		0D347C3D2BAB8784003990A0 /* Login */ = {
			isa = PBXGroup;
			children = (
				6C1811D42B8AC15C0066F3D0 /* LoginView.swift */,
				6CF821812B8D891D008E7057 /* LoginViewModel.swift */,
			);
			path = Login;
			sourceTree = "<group>";
		};
		0D347C3E2BAB8797003990A0 /* Bookmarks */ = {
			isa = PBXGroup;
			children = (
				0DCB7BD72B86F0290088C333 /* BookmarksView.swift */,
				6C46E4CE2BD1DECD006DCB64 /* BookmarksViewModel.swift */,
			);
			path = Bookmarks;
			sourceTree = "<group>";
		};
		0D8BBB622B91402C00739448 /* ForYou */ = {
			isa = PBXGroup;
			children = (
				0DCB7BD62B86F0290088C333 /* ForYouView.swift */,
			);
			path = ForYou;
			sourceTree = "<group>";
		};
		0DA610B92B8D26B300DFDFF4 /* Browse */ = {
			isa = PBXGroup;
			children = (
				0DCB7BD52B86F0290088C333 /* BrowseView.swift */,
			);
			path = Browse;
			sourceTree = "<group>";
		};
		0DC6449A2BCEE7020004684E /* Content */ = {
			isa = PBXGroup;
			children = (
				6CC929042B84FB0700EDDE78 /* ContentView.swift */,
				0DC6449B2BCEE7180004684E /* ContentViewModel.swift */,
			);
			path = Content;
			sourceTree = "<group>";
		};
		6C0C82DB2B8D2E49004EAE3F /* Frameworks */ = {
			isa = PBXGroup;
			children = (
			);
			name = Frameworks;
			sourceTree = "<group>";
		};
		6C0C82DE2B8D2EC2004EAE3F /* ServiceAdapter */ = {
			isa = PBXGroup;
			children = (
				6C0C82DF2B8D2EC9004EAE3F /* Firebase */,
				D31D67082BA904A100B22A79 /* ReviewSA.swift */,
				6C1021992B96712D007DCEEF /* SpotSA.swift */,
				6C2504F02BA9D00A0018D1DD /* CategorySA.swift */,
				D338BDAE2BCF4391005481EF /* UnfinishedReviewSA.swift */,
				6C28ACC92BD4038500D5A4AD /* BookmarksUsageSA.swift */,
			);
			path = ServiceAdapter;
			sourceTree = "<group>";
		};
		6C0C82DF2B8D2EC9004EAE3F /* Firebase */ = {
			isa = PBXGroup;
			children = (
				D31D670A2BA904FE00B22A79 /* ReviewSAFirebase.swift */,
				6C1021972B96710D007DCEEF /* SpotSAFirebase.swift */,
				6C2504F22BA9D0310018D1DD /* CategorySAFirebase.swift */,
				D338BDAC2BCF435A005481EF /* UnfinishedReviewSAFirebase.swift */,
				6C28ACCB2BD4039500D5A4AD /* BookmarksUsageSAFirebase.swift */,
			);
			path = Firebase;
			sourceTree = "<group>";
		};
		6C0C82EB2B8D3DA9004EAE3F /* Services */ = {
			isa = PBXGroup;
			children = (
				6CF821762B8D7E15008E7057 /* AuthService.swift */,
				0D8BBB652B91462800739448 /* LocationService.swift */,
				0D347C372BAB4FA4003990A0 /* BackendService.swift */,
				6C396DC12BC83EB0006F0855 /* NetworkService.swift */,
				0DCDE9BF2BD1FCD8006F43BD /* CacheService.swift */,
				6CBFB8362BD03D1F00D69E85 /* BookmarksService.swift */,
			);
			path = Services;
			sourceTree = "<group>";
		};
		6C10219F2B96B4CE007DCEEF /* Spot */ = {
			isa = PBXGroup;
			children = (
				6C10219D2B96B4CB007DCEEF /* SpotRepository.swift */,
				6C1021A02B96B4E1007DCEEF /* SpotRepositoryImpl.swift */,
			);
			path = Spot;
			sourceTree = "<group>";
		};
		6C1226C32BCDDF7500A18E77 /* User */ = {
			isa = PBXGroup;
			children = (
				6C1226C72BCDDFA400A18E77 /* UserView.swift */,
			);
			path = User;
			sourceTree = "<group>";
		};
		6C1374412B91236900B5ED89 /* Recovered References */ = {
			isa = PBXGroup;
			children = (
				0DA610BC2B8D2A5500DFDFF4 /* Spot.swift */,
			);
			name = "Recovered References";
			sourceTree = "<group>";
		};
		6C1811DE2B8AC9320066F3D0 /* Fonts */ = {
			isa = PBXGroup;
			children = (
				6C1811E02B8ACA090066F3D0 /* ArchivoBlack-Regular.ttf */,
			);
			path = Fonts;
			sourceTree = "<group>";
		};
		6C2504F42BA9D24A0018D1DD /* Category */ = {
			isa = PBXGroup;
			children = (
				6C2504F52BA9D25B0018D1DD /* CategoryRepository.swift */,
				6C2504F72BA9D26C0018D1DD /* CategoryRepositoryImpl.swift */,
			);
			path = Category;
			sourceTree = "<group>";
		};
		6C28ACCD2BD4063200D5A4AD /* BookmarksUsage */ = {
			isa = PBXGroup;
			children = (
				6CF57A7F2BD408C000A8D2BF /* BookmarksUsageRepository.swift */,
				6CF57A812BD408D200A8D2BF /* BookmarksUsageRepositoryImpl.swift */,
			);
			path = BookmarksUsage;
			sourceTree = "<group>";
		};
		6CC928F62B84FB0700EDDE78 = {
			isa = PBXGroup;
			children = (
				6C1811DE2B8AC9320066F3D0 /* Fonts */,
				6CC929012B84FB0700EDDE78 /* FoodBookApp */,
				6CC929122B84FB0900EDDE78 /* FoodBookAppTests */,
				6CC9291C2B84FB0900EDDE78 /* FoodBookAppUITests */,
				6C0C82DB2B8D2E49004EAE3F /* Frameworks */,
				6CC929002B84FB0700EDDE78 /* Products */,
				6C1374412B91236900B5ED89 /* Recovered References */,
			);
			sourceTree = "<group>";
		};
		6CC929002B84FB0700EDDE78 /* Products */ = {
			isa = PBXGroup;
			children = (
				6CC928FF2B84FB0700EDDE78 /* FoodBookApp.app */,
				6CC9290F2B84FB0900EDDE78 /* FoodBookAppTests.xctest */,
				6CC929192B84FB0900EDDE78 /* FoodBookAppUITests.xctest */,
			);
			name = Products;
			sourceTree = "<group>";
		};
		6CC929012B84FB0700EDDE78 /* FoodBookApp */ = {
			isa = PBXGroup;
			children = (
				6CC929062B84FB0900EDDE78 /* Assets.xcassets */,
				6CC9292C2B84FFEE00EDDE78 /* FoodBookApp.swift */,
				6CF8217A2B8D877B008E7057 /* GoogleService-Info.plist */,
				D31966A12BA7A51100E1DD53 /* Handlers */,
				6C1811DA2B8AC62B0066F3D0 /* Info.plist */,
				6CC9292E2B85023500EDDE78 /* Models */,
				6CC9292F2B85028900EDDE78 /* Persistence */,
				6CC929082B84FB0900EDDE78 /* Preview Content */,
				6CC929312B85029E00EDDE78 /* Repositories */,
				6C0C82DE2B8D2EC2004EAE3F /* ServiceAdapter */,
				6C0C82EB2B8D3DA9004EAE3F /* Services */,
				D37B0E0D2BCC9A7800EEFA08 /* SQLite */,
				6CC929322B8502CE00EDDE78 /* UI */,
				6CF821832B8D89FA008E7057 /* Utils */,
			);
			path = FoodBookApp;
			sourceTree = "<group>";
		};
		6CC929082B84FB0900EDDE78 /* Preview Content */ = {
			isa = PBXGroup;
			children = (
				6CC929092B84FB0900EDDE78 /* Preview Assets.xcassets */,
			);
			path = "Preview Content";
			sourceTree = "<group>";
		};
		6CC929122B84FB0900EDDE78 /* FoodBookAppTests */ = {
			isa = PBXGroup;
			children = (
				6CC929132B84FB0900EDDE78 /* FoodBookAppTests.swift */,
			);
			path = FoodBookAppTests;
			sourceTree = "<group>";
		};
		6CC9291C2B84FB0900EDDE78 /* FoodBookAppUITests */ = {
			isa = PBXGroup;
			children = (
				6CC9291D2B84FB0900EDDE78 /* FoodBookAppUITests.swift */,
				6CC9291F2B84FB0900EDDE78 /* FoodBookAppUITestsLaunchTests.swift */,
			);
			path = FoodBookAppUITests;
			sourceTree = "<group>";
		};
		6CC9292E2B85023500EDDE78 /* Models */ = {
			isa = PBXGroup;
			children = (
				D321E4A32B8F929200F93974 /* Review.swift */,
				D3D92B0E2BCCABE00077C30D /* ReviewDraft.swift */,
				D321E4A52B8F929D00F93974 /* Spot.swift */,
			);
			path = Models;
			sourceTree = "<group>";
		};
		6CC9292F2B85028900EDDE78 /* Persistence */ = {
			isa = PBXGroup;
			children = (
				6C0C82D92B8D2D99004EAE3F /* Firebase.swift */,
			);
			path = Persistence;
			sourceTree = "<group>";
		};
		6CC929312B85029E00EDDE78 /* Repositories */ = {
			isa = PBXGroup;
			children = (
				6C28ACCD2BD4063200D5A4AD /* BookmarksUsage */,
				D31D670C2BA9069B00B22A79 /* Review */,
				6C2504F42BA9D24A0018D1DD /* Category */,
				6C10219F2B96B4CE007DCEEF /* Spot */,
				D338BDB02BCF45B2005481EF /* UnfinishedReview */,
			);
			path = Repositories;
			sourceTree = "<group>";
		};
		6CC929322B8502CE00EDDE78 /* UI */ = {
			isa = PBXGroup;
			children = (
				D30C88162B90E9600052C01E /* Components */,
				6CC929342B8502D800EDDE78 /* Views */,
			);
			path = UI;
			sourceTree = "<group>";
		};
		6CC929342B8502D800EDDE78 /* Views */ = {
			isa = PBXGroup;
			children = (
				0DC6449A2BCEE7020004684E /* Content */,
				6C1226C32BCDDF7500A18E77 /* User */,
				0D8BBB622B91402C00739448 /* ForYou */,
				D34B69782B8FA2500043937B /* CreateReview */,
				D321E49A2B8F83F800F93974 /* SpotDetail */,
				0DA610B92B8D26B300DFDFF4 /* Browse */,
				0D347C3D2BAB8784003990A0 /* Login */,
				0D347C3E2BAB8797003990A0 /* Bookmarks */,
				6CE6C5D02B8E1576008C7349 /* RootView.swift */,
			);
			path = Views;
			sourceTree = "<group>";
		};
		6CF821832B8D89FA008E7057 /* Utils */ = {
			isa = PBXGroup;
			children = (
				6CF821842B8D8A0C008E7057 /* Utils.swift */,
				6CF821882B8D92FB008E7057 /* SignInGoogleHelper.swift */,
				6C10219B2B96AB87007DCEEF /* Error.swift */,
				0D347C352BAB2589003990A0 /* LocationUtils.swift */,
			);
			path = Utils;
			sourceTree = "<group>";
		};
		D30C88162B90E9600052C01E /* Components */ = {
			isa = PBXGroup;
			children = (
				0D16DDD22B8BB65A001D7BAB /* SpotCard.swift */,
				0D16DDD42B8C1799001D7BAB /* HCategoryList.swift */,
				D30C881A2B90EB560052C01E /* TextButton.swift */,
				D30C88202B9108C20052C01E /* Separator.swift */,
				D342009E2B91414800B8817C /* BoldTextButton.swift */,
				D342009C2B91404A00B8817C /* TextButton.swift */,
				D34200A22B925A5D00B8817C /* Separator.swift */,
				D32FC9A22B9624A8008D66BA /* ClearButton.swift */,
				D3DC76232B96988100AC9CAB /* ImagePicker.swift */,
				D3DA08062B96EB3A00475AC9 /* LargeButton.swift */,
			);
			path = Components;
			sourceTree = "<group>";
		};
		D31966A12BA7A51100E1DD53 /* Handlers */ = {
			isa = PBXGroup;
			children = (
				D31966A22BA7A54300E1DD53 /* NotificationHandler.swift */,
			);
			path = Handlers;
			sourceTree = "<group>";
		};
		D31D670C2BA9069B00B22A79 /* Review */ = {
			isa = PBXGroup;
			children = (
				D31D670D2BA906D500B22A79 /* ReviewRepository.swift */,
				D31D670F2BA906E600B22A79 /* ReviewRepositoryImpl.swift */,
			);
			path = Review;
			sourceTree = "<group>";
		};
		D321E49A2B8F83F800F93974 /* SpotDetail */ = {
			isa = PBXGroup;
			children = (
				D321E4952B8E971500F93974 /* ReviewsView.swift */,
				D319C47A2B8D5FB90030ED34 /* SpotDetailView.swift */,
				D321E49F2B8F883A00F93974 /* SpotDetailViewModel.swift */,
			);
			path = SpotDetail;
			sourceTree = "<group>";
		};
		D338BDB02BCF45B2005481EF /* UnfinishedReview */ = {
			isa = PBXGroup;
			children = (
				D338BDB12BCF461C005481EF /* UnfinishedReviewRepository.swift */,
				D338BDB32BCF46A9005481EF /* UnfinishedReviewImpl.swift */,
			);
			path = UnfinishedReview;
			sourceTree = "<group>";
		};
		D34B69782B8FA2500043937B /* CreateReview */ = {
			isa = PBXGroup;
			children = (
				D34B69792B8FA2BA0043937B /* CreateReview1View.swift */,
				D34B697B2B8FAD7F0043937B /* CreateReview1ViewModel.swift */,
				D30C88122B8FB5B50052C01E /* CreateReview2View.swift */,
				D31D67152BA9119700B22A79 /* CreateReview2ViewModel.swift */,
			);
			path = CreateReview;
			sourceTree = "<group>";
		};
		D37B0E0D2BCC9A7800EEFA08 /* SQLite */ = {
			isa = PBXGroup;
			children = (
				D37B0E0E2BCC9ADB00EEFA08 /* DBManager.swift */,
			);
			path = SQLite;
			sourceTree = "<group>";
		};
/* End PBXGroup section */

/* Begin PBXNativeTarget section */
		6CC928FE2B84FB0700EDDE78 /* FoodBookApp */ = {
			isa = PBXNativeTarget;
			buildConfigurationList = 6CC929232B84FB0900EDDE78 /* Build configuration list for PBXNativeTarget "FoodBookApp" */;
			buildPhases = (
				6CC928FB2B84FB0700EDDE78 /* Sources */,
				6CC928FC2B84FB0700EDDE78 /* Frameworks */,
				6CC928FD2B84FB0700EDDE78 /* Resources */,
				D37B0E0C2BCC997E00EEFA08 /* Embed Frameworks */,
			);
			buildRules = (
			);
			dependencies = (
			);
			name = FoodBookApp;
			packageProductDependencies = (
				6C5ED6D02B8ADB1000AF115C /* FirebaseAnalytics */,
				6C5ED6D22B8ADB1000AF115C /* FirebaseAnalyticsSwift */,
				6C5ED6D42B8ADB1000AF115C /* FirebaseAnalyticsWithoutAdIdSupport */,
				6C0C82DC2B8D2E49004EAE3F /* FirebaseFirestore */,
				6CF821782B8D7FF8008E7057 /* FirebaseAuth */,
				6CF8217D2B8D8837008E7057 /* GoogleSignIn */,
				6CF8217F2B8D8837008E7057 /* GoogleSignInSwift */,
				D31D67172BAA763B00B22A79 /* FirebaseStorage */,
				D338BDAA2BCF408C005481EF /* SQLite */,
			);
			productName = FoodBookApp;
			productReference = 6CC928FF2B84FB0700EDDE78 /* FoodBookApp.app */;
			productType = "com.apple.product-type.application";
		};
		6CC9290E2B84FB0900EDDE78 /* FoodBookAppTests */ = {
			isa = PBXNativeTarget;
			buildConfigurationList = 6CC929262B84FB0900EDDE78 /* Build configuration list for PBXNativeTarget "FoodBookAppTests" */;
			buildPhases = (
				6CC9290B2B84FB0900EDDE78 /* Sources */,
				6CC9290C2B84FB0900EDDE78 /* Frameworks */,
				6CC9290D2B84FB0900EDDE78 /* Resources */,
			);
			buildRules = (
			);
			dependencies = (
				6CC929112B84FB0900EDDE78 /* PBXTargetDependency */,
			);
			name = FoodBookAppTests;
			productName = FoodBookAppTests;
			productReference = 6CC9290F2B84FB0900EDDE78 /* FoodBookAppTests.xctest */;
			productType = "com.apple.product-type.bundle.unit-test";
		};
		6CC929182B84FB0900EDDE78 /* FoodBookAppUITests */ = {
			isa = PBXNativeTarget;
			buildConfigurationList = 6CC929292B84FB0900EDDE78 /* Build configuration list for PBXNativeTarget "FoodBookAppUITests" */;
			buildPhases = (
				6CC929152B84FB0900EDDE78 /* Sources */,
				6CC929162B84FB0900EDDE78 /* Frameworks */,
				6CC929172B84FB0900EDDE78 /* Resources */,
			);
			buildRules = (
			);
			dependencies = (
				6CC9291B2B84FB0900EDDE78 /* PBXTargetDependency */,
			);
			name = FoodBookAppUITests;
			productName = FoodBookAppUITests;
			productReference = 6CC929192B84FB0900EDDE78 /* FoodBookAppUITests.xctest */;
			productType = "com.apple.product-type.bundle.ui-testing";
		};
/* End PBXNativeTarget section */

/* Begin PBXProject section */
		6CC928F72B84FB0700EDDE78 /* Project object */ = {
			isa = PBXProject;
			attributes = {
				BuildIndependentTargetsInParallel = 1;
				LastSwiftUpdateCheck = 1520;
				LastUpgradeCheck = 1520;
				TargetAttributes = {
					6CC928FE2B84FB0700EDDE78 = {
						CreatedOnToolsVersion = 15.2;
					};
					6CC9290E2B84FB0900EDDE78 = {
						CreatedOnToolsVersion = 15.2;
						TestTargetID = 6CC928FE2B84FB0700EDDE78;
					};
					6CC929182B84FB0900EDDE78 = {
						CreatedOnToolsVersion = 15.2;
						TestTargetID = 6CC928FE2B84FB0700EDDE78;
					};
				};
			};
			buildConfigurationList = 6CC928FA2B84FB0700EDDE78 /* Build configuration list for PBXProject "FoodBookApp" */;
			compatibilityVersion = "Xcode 14.0";
			developmentRegion = en;
			hasScannedForEncodings = 0;
			knownRegions = (
				en,
				Base,
			);
			mainGroup = 6CC928F62B84FB0700EDDE78;
			packageReferences = (
				6C5ED6CF2B8ADB1000AF115C /* XCRemoteSwiftPackageReference "firebase-ios-sdk" */,
				6CF8217C2B8D8837008E7057 /* XCRemoteSwiftPackageReference "GoogleSignIn-iOS" */,
				D338BDA92BCF408C005481EF /* XCRemoteSwiftPackageReference "SQLite" */,
			);
			productRefGroup = 6CC929002B84FB0700EDDE78 /* Products */;
			projectDirPath = "";
			projectRoot = "";
			targets = (
				6CC928FE2B84FB0700EDDE78 /* FoodBookApp */,
				6CC9290E2B84FB0900EDDE78 /* FoodBookAppTests */,
				6CC929182B84FB0900EDDE78 /* FoodBookAppUITests */,
			);
		};
/* End PBXProject section */

/* Begin PBXResourcesBuildPhase section */
		6CC928FD2B84FB0700EDDE78 /* Resources */ = {
			isa = PBXResourcesBuildPhase;
			buildActionMask = 2147483647;
			files = (
				6CC9290A2B84FB0900EDDE78 /* Preview Assets.xcassets in Resources */,
				6CF8217B2B8D877B008E7057 /* GoogleService-Info.plist in Resources */,
				6C1811E12B8ACA090066F3D0 /* ArchivoBlack-Regular.ttf in Resources */,
				6CC929072B84FB0900EDDE78 /* Assets.xcassets in Resources */,
			);
			runOnlyForDeploymentPostprocessing = 0;
		};
		6CC9290D2B84FB0900EDDE78 /* Resources */ = {
			isa = PBXResourcesBuildPhase;
			buildActionMask = 2147483647;
			files = (
			);
			runOnlyForDeploymentPostprocessing = 0;
		};
		6CC929172B84FB0900EDDE78 /* Resources */ = {
			isa = PBXResourcesBuildPhase;
			buildActionMask = 2147483647;
			files = (
				6C1811E22B8ACA090066F3D0 /* ArchivoBlack-Regular.ttf in Resources */,
			);
			runOnlyForDeploymentPostprocessing = 0;
		};
/* End PBXResourcesBuildPhase section */

/* Begin PBXSourcesBuildPhase section */
		6CC928FB2B84FB0700EDDE78 /* Sources */ = {
			isa = PBXSourcesBuildPhase;
			buildActionMask = 2147483647;
			files = (
				6C0C82DA2B8D2D99004EAE3F /* Firebase.swift in Sources */,
				D31D67162BA9119700B22A79 /* CreateReview2ViewModel.swift in Sources */,
				D321E4A02B8F883A00F93974 /* SpotDetailViewModel.swift in Sources */,
				D37B0E0F2BCC9ADC00EEFA08 /* DBManager.swift in Sources */,
				6C1811D52B8AC15C0066F3D0 /* LoginView.swift in Sources */,
				6CC929052B84FB0700EDDE78 /* ContentView.swift in Sources */,
				D3D92B0F2BCCABE00077C30D /* ReviewDraft.swift in Sources */,
				D3DC76242B96988100AC9CAB /* ImagePicker.swift in Sources */,
				6CE6C5D12B8E1576008C7349 /* RootView.swift in Sources */,
				6CF821852B8D8A0D008E7057 /* Utils.swift in Sources */,
				D338BDAD2BCF435A005481EF /* UnfinishedReviewSAFirebase.swift in Sources */,
				6C10219E2B96B4CB007DCEEF /* SpotRepository.swift in Sources */,
				6CF821822B8D891D008E7057 /* LoginViewModel.swift in Sources */,
				6CF821772B8D7E15008E7057 /* AuthService.swift in Sources */,
				6C396DC22BC83EB0006F0855 /* NetworkService.swift in Sources */,
				6C2504F32BA9D0310018D1DD /* CategorySAFirebase.swift in Sources */,
				0DCB7BD92B86F0290088C333 /* ForYouView.swift in Sources */,
				6CF821892B8D92FB008E7057 /* SignInGoogleHelper.swift in Sources */,
				6C28ACCC2BD4039500D5A4AD /* BookmarksUsageSAFirebase.swift in Sources */,
				D31D67092BA904A100B22A79 /* ReviewSA.swift in Sources */,
				0D16DDD52B8C1799001D7BAB /* HCategoryList.swift in Sources */,
				6CF57A822BD408D200A8D2BF /* BookmarksUsageRepositoryImpl.swift in Sources */,
				6CF57A802BD408C000A8D2BF /* BookmarksUsageRepository.swift in Sources */,
				D31D67102BA906E600B22A79 /* ReviewRepositoryImpl.swift in Sources */,
				0D16DDD32B8BB65A001D7BAB /* SpotCard.swift in Sources */,
				0DCB7BDA2B86F0290088C333 /* BookmarksView.swift in Sources */,
				6C2504F62BA9D25B0018D1DD /* CategoryRepository.swift in Sources */,
				D34B697A2B8FA2BA0043937B /* CreateReview1View.swift in Sources */,
				D30C88132B8FB5B50052C01E /* CreateReview2View.swift in Sources */,
				0D347C362BAB2589003990A0 /* LocationUtils.swift in Sources */,
				D31D670B2BA904FE00B22A79 /* ReviewSAFirebase.swift in Sources */,
				6CBFB8372BD03D1F00D69E85 /* BookmarksService.swift in Sources */,
				6C1226C82BCDDFA400A18E77 /* UserView.swift in Sources */,
				D342009D2B91404A00B8817C /* TextButton.swift in Sources */,
				0DCB7BD82B86F0290088C333 /* BrowseView.swift in Sources */,
				D32FC9A32B9624A8008D66BA /* ClearButton.swift in Sources */,
				D34B697C2B8FAD7F0043937B /* CreateReview1ViewModel.swift in Sources */,
				D3DA08072B96EB3B00475AC9 /* LargeButton.swift in Sources */,
				D338BDAF2BCF4391005481EF /* UnfinishedReviewSA.swift in Sources */,
				D321E4A42B8F929200F93974 /* Review.swift in Sources */,
				D338BDB22BCF461C005481EF /* UnfinishedReviewRepository.swift in Sources */,
				6C2504F12BA9D00A0018D1DD /* CategorySA.swift in Sources */,
				D321E4A62B8F929D00F93974 /* Spot.swift in Sources */,
				6C2504F82BA9D26C0018D1DD /* CategoryRepositoryImpl.swift in Sources */,
				D31966A32BA7A54300E1DD53 /* NotificationHandler.swift in Sources */,
				D321E4962B8E971500F93974 /* ReviewsView.swift in Sources */,
				0DCDE9C02BD1FCD8006F43BD /* CacheService.swift in Sources */,
				6C10219A2B96712D007DCEEF /* SpotSA.swift in Sources */,
				6C1021A12B96B4E1007DCEEF /* SpotRepositoryImpl.swift in Sources */,
				D338BDB42BCF46A9005481EF /* UnfinishedReviewImpl.swift in Sources */,
				6C46E4CF2BD1DECD006DCB64 /* BookmarksViewModel.swift in Sources */,
				6C10219C2B96AB87007DCEEF /* Error.swift in Sources */,
				D31D670E2BA906D500B22A79 /* ReviewRepository.swift in Sources */,
				D319C47B2B8D5FB90030ED34 /* SpotDetailView.swift in Sources */,
				D30C88212B9108C20052C01E /* Separator.swift in Sources */,
				0D8BBB662B91462800739448 /* LocationService.swift in Sources */,
				6CC9292D2B84FFEE00EDDE78 /* FoodBookApp.swift in Sources */,
				0D347C382BAB4FA4003990A0 /* BackendService.swift in Sources */,
				6C1021982B96710D007DCEEF /* SpotSAFirebase.swift in Sources */,
				6C28ACCA2BD4038500D5A4AD /* BookmarksUsageSA.swift in Sources */,
				D342009F2B91414800B8817C /* BoldTextButton.swift in Sources */,
				0DC6449C2BCEE7180004684E /* ContentViewModel.swift in Sources */,
			);
			runOnlyForDeploymentPostprocessing = 0;
		};
		6CC9290B2B84FB0900EDDE78 /* Sources */ = {
			isa = PBXSourcesBuildPhase;
			buildActionMask = 2147483647;
			files = (
				6CC929142B84FB0900EDDE78 /* FoodBookAppTests.swift in Sources */,
			);
			runOnlyForDeploymentPostprocessing = 0;
		};
		6CC929152B84FB0900EDDE78 /* Sources */ = {
			isa = PBXSourcesBuildPhase;
			buildActionMask = 2147483647;
			files = (
				6CC9291E2B84FB0900EDDE78 /* FoodBookAppUITests.swift in Sources */,
				6CC929202B84FB0900EDDE78 /* FoodBookAppUITestsLaunchTests.swift in Sources */,
			);
			runOnlyForDeploymentPostprocessing = 0;
		};
/* End PBXSourcesBuildPhase section */

/* Begin PBXTargetDependency section */
		6CC929112B84FB0900EDDE78 /* PBXTargetDependency */ = {
			isa = PBXTargetDependency;
			target = 6CC928FE2B84FB0700EDDE78 /* FoodBookApp */;
			targetProxy = 6CC929102B84FB0900EDDE78 /* PBXContainerItemProxy */;
		};
		6CC9291B2B84FB0900EDDE78 /* PBXTargetDependency */ = {
			isa = PBXTargetDependency;
			target = 6CC928FE2B84FB0700EDDE78 /* FoodBookApp */;
			targetProxy = 6CC9291A2B84FB0900EDDE78 /* PBXContainerItemProxy */;
		};
/* End PBXTargetDependency section */

/* Begin XCBuildConfiguration section */
		6CC929212B84FB0900EDDE78 /* Debug */ = {
			isa = XCBuildConfiguration;
			buildSettings = {
				ALWAYS_SEARCH_USER_PATHS = NO;
				ASSETCATALOG_COMPILER_GENERATE_SWIFT_ASSET_SYMBOL_EXTENSIONS = YES;
				CLANG_ANALYZER_NONNULL = YES;
				CLANG_ANALYZER_NUMBER_OBJECT_CONVERSION = YES_AGGRESSIVE;
				CLANG_CXX_LANGUAGE_STANDARD = "gnu++20";
				CLANG_ENABLE_MODULES = YES;
				CLANG_ENABLE_OBJC_ARC = YES;
				CLANG_ENABLE_OBJC_WEAK = YES;
				CLANG_WARN_BLOCK_CAPTURE_AUTORELEASING = YES;
				CLANG_WARN_BOOL_CONVERSION = YES;
				CLANG_WARN_COMMA = YES;
				CLANG_WARN_CONSTANT_CONVERSION = YES;
				CLANG_WARN_DEPRECATED_OBJC_IMPLEMENTATIONS = YES;
				CLANG_WARN_DIRECT_OBJC_ISA_USAGE = YES_ERROR;
				CLANG_WARN_DOCUMENTATION_COMMENTS = YES;
				CLANG_WARN_EMPTY_BODY = YES;
				CLANG_WARN_ENUM_CONVERSION = YES;
				CLANG_WARN_INFINITE_RECURSION = YES;
				CLANG_WARN_INT_CONVERSION = YES;
				CLANG_WARN_NON_LITERAL_NULL_CONVERSION = YES;
				CLANG_WARN_OBJC_IMPLICIT_RETAIN_SELF = YES;
				CLANG_WARN_OBJC_LITERAL_CONVERSION = YES;
				CLANG_WARN_OBJC_ROOT_CLASS = YES_ERROR;
				CLANG_WARN_QUOTED_INCLUDE_IN_FRAMEWORK_HEADER = YES;
				CLANG_WARN_RANGE_LOOP_ANALYSIS = YES;
				CLANG_WARN_STRICT_PROTOTYPES = YES;
				CLANG_WARN_SUSPICIOUS_MOVE = YES;
				CLANG_WARN_UNGUARDED_AVAILABILITY = YES_AGGRESSIVE;
				CLANG_WARN_UNREACHABLE_CODE = YES;
				CLANG_WARN__DUPLICATE_METHOD_MATCH = YES;
				COPY_PHASE_STRIP = NO;
				DEBUG_INFORMATION_FORMAT = dwarf;
				ENABLE_STRICT_OBJC_MSGSEND = YES;
				ENABLE_TESTABILITY = YES;
				ENABLE_USER_SCRIPT_SANDBOXING = NO;
				GCC_C_LANGUAGE_STANDARD = gnu17;
				GCC_DYNAMIC_NO_PIC = NO;
				GCC_NO_COMMON_BLOCKS = YES;
				GCC_OPTIMIZATION_LEVEL = 0;
				GCC_PREPROCESSOR_DEFINITIONS = (
					"DEBUG=1",
					"$(inherited)",
				);
				GCC_WARN_64_TO_32_BIT_CONVERSION = YES;
				GCC_WARN_ABOUT_RETURN_TYPE = YES_ERROR;
				GCC_WARN_UNDECLARED_SELECTOR = YES;
				GCC_WARN_UNINITIALIZED_AUTOS = YES_AGGRESSIVE;
				GCC_WARN_UNUSED_FUNCTION = YES;
				GCC_WARN_UNUSED_VARIABLE = YES;
				IPHONEOS_DEPLOYMENT_TARGET = 17.2;
				LOCALIZATION_PREFERS_STRING_CATALOGS = YES;
				MTL_ENABLE_DEBUG_INFO = INCLUDE_SOURCE;
				MTL_FAST_MATH = YES;
				ONLY_ACTIVE_ARCH = YES;
				SDKROOT = iphoneos;
				SWIFT_ACTIVE_COMPILATION_CONDITIONS = "DEBUG $(inherited)";
				SWIFT_OPTIMIZATION_LEVEL = "-Onone";
			};
			name = Debug;
		};
		6CC929222B84FB0900EDDE78 /* Release */ = {
			isa = XCBuildConfiguration;
			buildSettings = {
				ALWAYS_SEARCH_USER_PATHS = NO;
				ASSETCATALOG_COMPILER_GENERATE_SWIFT_ASSET_SYMBOL_EXTENSIONS = YES;
				CLANG_ANALYZER_NONNULL = YES;
				CLANG_ANALYZER_NUMBER_OBJECT_CONVERSION = YES_AGGRESSIVE;
				CLANG_CXX_LANGUAGE_STANDARD = "gnu++20";
				CLANG_ENABLE_MODULES = YES;
				CLANG_ENABLE_OBJC_ARC = YES;
				CLANG_ENABLE_OBJC_WEAK = YES;
				CLANG_WARN_BLOCK_CAPTURE_AUTORELEASING = YES;
				CLANG_WARN_BOOL_CONVERSION = YES;
				CLANG_WARN_COMMA = YES;
				CLANG_WARN_CONSTANT_CONVERSION = YES;
				CLANG_WARN_DEPRECATED_OBJC_IMPLEMENTATIONS = YES;
				CLANG_WARN_DIRECT_OBJC_ISA_USAGE = YES_ERROR;
				CLANG_WARN_DOCUMENTATION_COMMENTS = YES;
				CLANG_WARN_EMPTY_BODY = YES;
				CLANG_WARN_ENUM_CONVERSION = YES;
				CLANG_WARN_INFINITE_RECURSION = YES;
				CLANG_WARN_INT_CONVERSION = YES;
				CLANG_WARN_NON_LITERAL_NULL_CONVERSION = YES;
				CLANG_WARN_OBJC_IMPLICIT_RETAIN_SELF = YES;
				CLANG_WARN_OBJC_LITERAL_CONVERSION = YES;
				CLANG_WARN_OBJC_ROOT_CLASS = YES_ERROR;
				CLANG_WARN_QUOTED_INCLUDE_IN_FRAMEWORK_HEADER = YES;
				CLANG_WARN_RANGE_LOOP_ANALYSIS = YES;
				CLANG_WARN_STRICT_PROTOTYPES = YES;
				CLANG_WARN_SUSPICIOUS_MOVE = YES;
				CLANG_WARN_UNGUARDED_AVAILABILITY = YES_AGGRESSIVE;
				CLANG_WARN_UNREACHABLE_CODE = YES;
				CLANG_WARN__DUPLICATE_METHOD_MATCH = YES;
				COPY_PHASE_STRIP = NO;
				DEBUG_INFORMATION_FORMAT = "dwarf-with-dsym";
				ENABLE_NS_ASSERTIONS = NO;
				ENABLE_STRICT_OBJC_MSGSEND = YES;
				ENABLE_USER_SCRIPT_SANDBOXING = NO;
				GCC_C_LANGUAGE_STANDARD = gnu17;
				GCC_NO_COMMON_BLOCKS = YES;
				GCC_WARN_64_TO_32_BIT_CONVERSION = YES;
				GCC_WARN_ABOUT_RETURN_TYPE = YES_ERROR;
				GCC_WARN_UNDECLARED_SELECTOR = YES;
				GCC_WARN_UNINITIALIZED_AUTOS = YES_AGGRESSIVE;
				GCC_WARN_UNUSED_FUNCTION = YES;
				GCC_WARN_UNUSED_VARIABLE = YES;
				IPHONEOS_DEPLOYMENT_TARGET = 17.2;
				LOCALIZATION_PREFERS_STRING_CATALOGS = YES;
				MTL_ENABLE_DEBUG_INFO = NO;
				MTL_FAST_MATH = YES;
				SDKROOT = iphoneos;
				SWIFT_COMPILATION_MODE = wholemodule;
				VALIDATE_PRODUCT = YES;
			};
			name = Release;
		};
		6CC929242B84FB0900EDDE78 /* Debug */ = {
			isa = XCBuildConfiguration;
			buildSettings = {
				ASSETCATALOG_COMPILER_APPICON_NAME = AppIcon;
				ASSETCATALOG_COMPILER_GLOBAL_ACCENT_COLOR_NAME = AccentColor;
				CODE_SIGN_STYLE = Automatic;
				CURRENT_PROJECT_VERSION = 1;
				DEVELOPMENT_ASSET_PATHS = "\"FoodBookApp/Preview Content\"";
				DEVELOPMENT_TEAM = "";
				ENABLE_PREVIEWS = YES;
				GENERATE_INFOPLIST_FILE = YES;
				INFOPLIST_FILE = FoodBookApp/Info.plist;
				INFOPLIST_KEY_CFBundleDisplayName = FoodBook;
				INFOPLIST_KEY_NSCameraUsageDescription = "Please allow camera access";
				INFOPLIST_KEY_NSFaceIDUsageDescription = "Please allow for biometrics usage";
				INFOPLIST_KEY_NSLocationAlwaysAndWhenInUseUsageDescription = "Please allow location usage.";
				INFOPLIST_KEY_NSLocationAlwaysUsageDescription = "Please allow location usage.";
				INFOPLIST_KEY_NSLocationWhenInUseUsageDescription = "Please allow for location usage";
				INFOPLIST_KEY_UIApplicationSceneManifest_Generation = YES;
				INFOPLIST_KEY_UIApplicationSupportsIndirectInputEvents = YES;
				INFOPLIST_KEY_UILaunchScreen_Generation = YES;
				INFOPLIST_KEY_UISupportedInterfaceOrientations = "UIInterfaceOrientationPortrait UIInterfaceOrientationPortraitUpsideDown";
				INFOPLIST_KEY_UIUserInterfaceStyle = Light;
				LD_RUNPATH_SEARCH_PATHS = (
					"$(inherited)",
					"@executable_path/Frameworks",
				);
				MARKETING_VERSION = 1.0;
				PRODUCT_BUNDLE_IDENTIFIER = Team23.FoodBookApp;
				PRODUCT_NAME = "$(TARGET_NAME)";
				SWIFT_EMIT_LOC_STRINGS = YES;
				SWIFT_VERSION = 5.0;
				TARGETED_DEVICE_FAMILY = "1,2";
			};
			name = Debug;
		};
		6CC929252B84FB0900EDDE78 /* Release */ = {
			isa = XCBuildConfiguration;
			buildSettings = {
				ASSETCATALOG_COMPILER_APPICON_NAME = AppIcon;
				ASSETCATALOG_COMPILER_GLOBAL_ACCENT_COLOR_NAME = AccentColor;
				CODE_SIGN_STYLE = Automatic;
				CURRENT_PROJECT_VERSION = 1;
				DEVELOPMENT_ASSET_PATHS = "\"FoodBookApp/Preview Content\"";
				DEVELOPMENT_TEAM = "";
				ENABLE_PREVIEWS = YES;
				GENERATE_INFOPLIST_FILE = YES;
				INFOPLIST_FILE = FoodBookApp/Info.plist;
				INFOPLIST_KEY_CFBundleDisplayName = FoodBook;
				INFOPLIST_KEY_NSCameraUsageDescription = "Please allow camera access";
				INFOPLIST_KEY_NSFaceIDUsageDescription = "Please allow for biometrics usage";
				INFOPLIST_KEY_NSLocationAlwaysAndWhenInUseUsageDescription = "Please allow location usage.";
				INFOPLIST_KEY_NSLocationAlwaysUsageDescription = "Please allow location usage.";
				INFOPLIST_KEY_NSLocationWhenInUseUsageDescription = "Please allow for location usage";
				INFOPLIST_KEY_UIApplicationSceneManifest_Generation = YES;
				INFOPLIST_KEY_UIApplicationSupportsIndirectInputEvents = YES;
				INFOPLIST_KEY_UILaunchScreen_Generation = YES;
				INFOPLIST_KEY_UISupportedInterfaceOrientations = "UIInterfaceOrientationPortrait UIInterfaceOrientationPortraitUpsideDown";
				INFOPLIST_KEY_UIUserInterfaceStyle = Light;
				LD_RUNPATH_SEARCH_PATHS = (
					"$(inherited)",
					"@executable_path/Frameworks",
				);
				MARKETING_VERSION = 1.0;
				PRODUCT_BUNDLE_IDENTIFIER = Team23.FoodBookApp;
				PRODUCT_NAME = "$(TARGET_NAME)";
				SWIFT_EMIT_LOC_STRINGS = YES;
				SWIFT_VERSION = 5.0;
				TARGETED_DEVICE_FAMILY = "1,2";
			};
			name = Release;
		};
		6CC929272B84FB0900EDDE78 /* Debug */ = {
			isa = XCBuildConfiguration;
			buildSettings = {
				ALWAYS_EMBED_SWIFT_STANDARD_LIBRARIES = YES;
				BUNDLE_LOADER = "$(TEST_HOST)";
				CODE_SIGN_STYLE = Automatic;
				CURRENT_PROJECT_VERSION = 1;
				GENERATE_INFOPLIST_FILE = YES;
				IPHONEOS_DEPLOYMENT_TARGET = 17.2;
				MARKETING_VERSION = 1.0;
				PRODUCT_BUNDLE_IDENTIFIER = Team23.FoodBookAppTests;
				PRODUCT_NAME = "$(TARGET_NAME)";
				SWIFT_EMIT_LOC_STRINGS = NO;
				SWIFT_VERSION = 5.0;
				TARGETED_DEVICE_FAMILY = "1,2";
				TEST_HOST = "$(BUILT_PRODUCTS_DIR)/FoodBookApp.app/$(BUNDLE_EXECUTABLE_FOLDER_PATH)/FoodBookApp";
			};
			name = Debug;
		};
		6CC929282B84FB0900EDDE78 /* Release */ = {
			isa = XCBuildConfiguration;
			buildSettings = {
				ALWAYS_EMBED_SWIFT_STANDARD_LIBRARIES = YES;
				BUNDLE_LOADER = "$(TEST_HOST)";
				CODE_SIGN_STYLE = Automatic;
				CURRENT_PROJECT_VERSION = 1;
				GENERATE_INFOPLIST_FILE = YES;
				IPHONEOS_DEPLOYMENT_TARGET = 17.2;
				MARKETING_VERSION = 1.0;
				PRODUCT_BUNDLE_IDENTIFIER = Team23.FoodBookAppTests;
				PRODUCT_NAME = "$(TARGET_NAME)";
				SWIFT_EMIT_LOC_STRINGS = NO;
				SWIFT_VERSION = 5.0;
				TARGETED_DEVICE_FAMILY = "1,2";
				TEST_HOST = "$(BUILT_PRODUCTS_DIR)/FoodBookApp.app/$(BUNDLE_EXECUTABLE_FOLDER_PATH)/FoodBookApp";
			};
			name = Release;
		};
		6CC9292A2B84FB0900EDDE78 /* Debug */ = {
			isa = XCBuildConfiguration;
			buildSettings = {
				ALWAYS_EMBED_SWIFT_STANDARD_LIBRARIES = YES;
				CODE_SIGN_STYLE = Automatic;
				CURRENT_PROJECT_VERSION = 1;
				GENERATE_INFOPLIST_FILE = YES;
				MARKETING_VERSION = 1.0;
				PRODUCT_BUNDLE_IDENTIFIER = Team23.FoodBookAppUITests;
				PRODUCT_NAME = "$(TARGET_NAME)";
				SWIFT_EMIT_LOC_STRINGS = NO;
				SWIFT_VERSION = 5.0;
				TARGETED_DEVICE_FAMILY = "1,2";
				TEST_TARGET_NAME = FoodBookApp;
			};
			name = Debug;
		};
		6CC9292B2B84FB0900EDDE78 /* Release */ = {
			isa = XCBuildConfiguration;
			buildSettings = {
				ALWAYS_EMBED_SWIFT_STANDARD_LIBRARIES = YES;
				CODE_SIGN_STYLE = Automatic;
				CURRENT_PROJECT_VERSION = 1;
				GENERATE_INFOPLIST_FILE = YES;
				MARKETING_VERSION = 1.0;
				PRODUCT_BUNDLE_IDENTIFIER = Team23.FoodBookAppUITests;
				PRODUCT_NAME = "$(TARGET_NAME)";
				SWIFT_EMIT_LOC_STRINGS = NO;
				SWIFT_VERSION = 5.0;
				TARGETED_DEVICE_FAMILY = "1,2";
				TEST_TARGET_NAME = FoodBookApp;
			};
			name = Release;
		};
/* End XCBuildConfiguration section */

/* Begin XCConfigurationList section */
		6CC928FA2B84FB0700EDDE78 /* Build configuration list for PBXProject "FoodBookApp" */ = {
			isa = XCConfigurationList;
			buildConfigurations = (
				6CC929212B84FB0900EDDE78 /* Debug */,
				6CC929222B84FB0900EDDE78 /* Release */,
			);
			defaultConfigurationIsVisible = 0;
			defaultConfigurationName = Release;
		};
		6CC929232B84FB0900EDDE78 /* Build configuration list for PBXNativeTarget "FoodBookApp" */ = {
			isa = XCConfigurationList;
			buildConfigurations = (
				6CC929242B84FB0900EDDE78 /* Debug */,
				6CC929252B84FB0900EDDE78 /* Release */,
			);
			defaultConfigurationIsVisible = 0;
			defaultConfigurationName = Release;
		};
		6CC929262B84FB0900EDDE78 /* Build configuration list for PBXNativeTarget "FoodBookAppTests" */ = {
			isa = XCConfigurationList;
			buildConfigurations = (
				6CC929272B84FB0900EDDE78 /* Debug */,
				6CC929282B84FB0900EDDE78 /* Release */,
			);
			defaultConfigurationIsVisible = 0;
			defaultConfigurationName = Release;
		};
		6CC929292B84FB0900EDDE78 /* Build configuration list for PBXNativeTarget "FoodBookAppUITests" */ = {
			isa = XCConfigurationList;
			buildConfigurations = (
				6CC9292A2B84FB0900EDDE78 /* Debug */,
				6CC9292B2B84FB0900EDDE78 /* Release */,
			);
			defaultConfigurationIsVisible = 0;
			defaultConfigurationName = Release;
		};
/* End XCConfigurationList section */

/* Begin XCRemoteSwiftPackageReference section */
		6C5ED6CF2B8ADB1000AF115C /* XCRemoteSwiftPackageReference "firebase-ios-sdk" */ = {
			isa = XCRemoteSwiftPackageReference;
			repositoryURL = "https://github.com/firebase/firebase-ios-sdk";
			requirement = {
				kind = upToNextMajorVersion;
				minimumVersion = 10.21.0;
			};
		};
		6CF6CCCD2BCF5B5B006F3DE9 /* XCRemoteSwiftPackageReference "SQLite" */ = {
			isa = XCRemoteSwiftPackageReference;
			repositoryURL = "https://github.com/stephencelis/SQLite.swift";
			requirement = {
				kind = upToNextMajorVersion;
				minimumVersion = 0.15.2;
			};
		};
		6CF8217C2B8D8837008E7057 /* XCRemoteSwiftPackageReference "GoogleSignIn-iOS" */ = {
			isa = XCRemoteSwiftPackageReference;
			repositoryURL = "https://github.com/google/GoogleSignIn-iOS";
			requirement = {
				kind = upToNextMajorVersion;
				minimumVersion = 7.0.0;
			};
		};
		D338BDA92BCF408C005481EF /* XCRemoteSwiftPackageReference "SQLite" */ = {
			isa = XCRemoteSwiftPackageReference;
			repositoryURL = "https://github.com/stephencelis/SQLite.swift";
			requirement = {
				kind = upToNextMajorVersion;
				minimumVersion = 0.15.2;
			};
		};
/* End XCRemoteSwiftPackageReference section */

/* Begin XCSwiftPackageProductDependency section */
		6C0C82DC2B8D2E49004EAE3F /* FirebaseFirestore */ = {
			isa = XCSwiftPackageProductDependency;
			package = 6C5ED6CF2B8ADB1000AF115C /* XCRemoteSwiftPackageReference "firebase-ios-sdk" */;
			productName = FirebaseFirestore;
		};
		6C5ED6D02B8ADB1000AF115C /* FirebaseAnalytics */ = {
			isa = XCSwiftPackageProductDependency;
			package = 6C5ED6CF2B8ADB1000AF115C /* XCRemoteSwiftPackageReference "firebase-ios-sdk" */;
			productName = FirebaseAnalytics;
		};
		6C5ED6D22B8ADB1000AF115C /* FirebaseAnalyticsSwift */ = {
			isa = XCSwiftPackageProductDependency;
			package = 6C5ED6CF2B8ADB1000AF115C /* XCRemoteSwiftPackageReference "firebase-ios-sdk" */;
			productName = FirebaseAnalyticsSwift;
		};
		6C5ED6D42B8ADB1000AF115C /* FirebaseAnalyticsWithoutAdIdSupport */ = {
			isa = XCSwiftPackageProductDependency;
			package = 6C5ED6CF2B8ADB1000AF115C /* XCRemoteSwiftPackageReference "firebase-ios-sdk" */;
			productName = FirebaseAnalyticsWithoutAdIdSupport;
		};
		6CF6CCCE2BCF5B5B006F3DE9 /* SQLite */ = {
			isa = XCSwiftPackageProductDependency;
			package = 6CF6CCCD2BCF5B5B006F3DE9 /* XCRemoteSwiftPackageReference "SQLite" */;
			productName = SQLite;
		};
		6CF821782B8D7FF8008E7057 /* FirebaseAuth */ = {
			isa = XCSwiftPackageProductDependency;
			package = 6C5ED6CF2B8ADB1000AF115C /* XCRemoteSwiftPackageReference "firebase-ios-sdk" */;
			productName = FirebaseAuth;
		};
		6CF8217D2B8D8837008E7057 /* GoogleSignIn */ = {
			isa = XCSwiftPackageProductDependency;
			package = 6CF8217C2B8D8837008E7057 /* XCRemoteSwiftPackageReference "GoogleSignIn-iOS" */;
			productName = GoogleSignIn;
		};
		6CF8217F2B8D8837008E7057 /* GoogleSignInSwift */ = {
			isa = XCSwiftPackageProductDependency;
			package = 6CF8217C2B8D8837008E7057 /* XCRemoteSwiftPackageReference "GoogleSignIn-iOS" */;
			productName = GoogleSignInSwift;
		};
		D31D67172BAA763B00B22A79 /* FirebaseStorage */ = {
			isa = XCSwiftPackageProductDependency;
			package = 6C5ED6CF2B8ADB1000AF115C /* XCRemoteSwiftPackageReference "firebase-ios-sdk" */;
			productName = FirebaseStorage;
		};
		D338BDAA2BCF408C005481EF /* SQLite */ = {
			isa = XCSwiftPackageProductDependency;
			package = D338BDA92BCF408C005481EF /* XCRemoteSwiftPackageReference "SQLite" */;
			productName = SQLite;
		};
/* End XCSwiftPackageProductDependency section */
	};
	rootObject = 6CC928F72B84FB0700EDDE78 /* Project object */;
}
