// !$*UTF8*$!
{
	archiveVersion = 1;
	classes = {
	};
	objectVersion = 56;
	objects = {

/* Begin PBXBuildFile section */
		6CC929052B84FB0700EDDE78 /* ContentView.swift in Sources */ = {isa = PBXBuildFile; fileRef = 6CC929042B84FB0700EDDE78 /* ContentView.swift */; };
		6CC929072B84FB0900EDDE78 /* Assets.xcassets in Resources */ = {isa = PBXBuildFile; fileRef = 6CC929062B84FB0900EDDE78 /* Assets.xcassets */; };
		6CC9290A2B84FB0900EDDE78 /* Preview Assets.xcassets in Resources */ = {isa = PBXBuildFile; fileRef = 6CC929092B84FB0900EDDE78 /* Preview Assets.xcassets */; };
		6CC929142B84FB0900EDDE78 /* FoodBookAppTests.swift in Sources */ = {isa = PBXBuildFile; fileRef = 6CC929132B84FB0900EDDE78 /* FoodBookAppTests.swift */; };
		6CC9291E2B84FB0900EDDE78 /* FoodBookAppUITests.swift in Sources */ = {isa = PBXBuildFile; fileRef = 6CC9291D2B84FB0900EDDE78 /* FoodBookAppUITests.swift */; };
		6CC929202B84FB0900EDDE78 /* FoodBookAppUITestsLaunchTests.swift in Sources */ = {isa = PBXBuildFile; fileRef = 6CC9291F2B84FB0900EDDE78 /* FoodBookAppUITestsLaunchTests.swift */; };
		6CC9292D2B84FFEE00EDDE78 /* FoodBookApp.swift in Sources */ = {isa = PBXBuildFile; fileRef = 6CC9292C2B84FFEE00EDDE78 /* FoodBookApp.swift */; };
/* End PBXBuildFile section */

/* Begin PBXContainerItemProxy section */
		6CC929102B84FB0900EDDE78 /* PBXContainerItemProxy */ = {
			isa = PBXContainerItemProxy;
			containerPortal = 6CC928F72B84FB0700EDDE78 /* Project object */;
			proxyType = 1;
			remoteGlobalIDString = 6CC928FE2B84FB0700EDDE78;
			remoteInfo = FoodBookApp;
		};
		6CC9291A2B84FB0900EDDE78 /* PBXContainerItemProxy */ = {
			isa = PBXContainerItemProxy;
			containerPortal = 6CC928F72B84FB0700EDDE78 /* Project object */;
			proxyType = 1;
			remoteGlobalIDString = 6CC928FE2B84FB0700EDDE78;
			remoteInfo = FoodBookApp;
		};
/* End PBXContainerItemProxy section */

/* Begin PBXFileReference section */
		6CC928FF2B84FB0700EDDE78 /* FoodBookApp.app */ = {isa = PBXFileReference; explicitFileType = wrapper.application; includeInIndex = 0; path = FoodBookApp.app; sourceTree = BUILT_PRODUCTS_DIR; };
		6CC929042B84FB0700EDDE78 /* ContentView.swift */ = {isa = PBXFileReference; lastKnownFileType = sourcecode.swift; path = ContentView.swift; sourceTree = "<group>"; };
		6CC929062B84FB0900EDDE78 /* Assets.xcassets */ = {isa = PBXFileReference; lastKnownFileType = folder.assetcatalog; path = Assets.xcassets; sourceTree = "<group>"; };
		6CC929092B84FB0900EDDE78 /* Preview Assets.xcassets */ = {isa = PBXFileReference; lastKnownFileType = folder.assetcatalog; path = "Preview Assets.xcassets"; sourceTree = "<group>"; };
		6CC9290F2B84FB0900EDDE78 /* FoodBookAppTests.xctest */ = {isa = PBXFileReference; explicitFileType = wrapper.cfbundle; includeInIndex = 0; path = FoodBookAppTests.xctest; sourceTree = BUILT_PRODUCTS_DIR; };
		6CC929132B84FB0900EDDE78 /* FoodBookAppTests.swift */ = {isa = PBXFileReference; lastKnownFileType = sourcecode.swift; path = FoodBookAppTests.swift; sourceTree = "<group>"; };
		6CC929192B84FB0900EDDE78 /* FoodBookAppUITests.xctest */ = {isa = PBXFileReference; explicitFileType = wrapper.cfbundle; includeInIndex = 0; path = FoodBookAppUITests.xctest; sourceTree = BUILT_PRODUCTS_DIR; };
		6CC9291D2B84FB0900EDDE78 /* FoodBookAppUITests.swift */ = {isa = PBXFileReference; lastKnownFileType = sourcecode.swift; path = FoodBookAppUITests.swift; sourceTree = "<group>"; };
		6CC9291F2B84FB0900EDDE78 /* FoodBookAppUITestsLaunchTests.swift */ = {isa = PBXFileReference; lastKnownFileType = sourcecode.swift; path = FoodBookAppUITestsLaunchTests.swift; sourceTree = "<group>"; };
		6CC9292C2B84FFEE00EDDE78 /* FoodBookApp.swift */ = {isa = PBXFileReference; fileEncoding = 4; lastKnownFileType = sourcecode.swift; path = FoodBookApp.swift; sourceTree = "<group>"; };
/* End PBXFileReference section */

/* Begin PBXFrameworksBuildPhase section */
		6CC928FC2B84FB0700EDDE78 /* Frameworks */ = {
			isa = PBXFrameworksBuildPhase;
			buildActionMask = 2147483647;
			files = (
			);
			runOnlyForDeploymentPostprocessing = 0;
		};
		6CC9290C2B84FB0900EDDE78 /* Frameworks */ = {
			isa = PBXFrameworksBuildPhase;
			buildActionMask = 2147483647;
			files = (
			);
			runOnlyForDeploymentPostprocessing = 0;
		};
		6CC929162B84FB0900EDDE78 /* Frameworks */ = {
			isa = PBXFrameworksBuildPhase;
			buildActionMask = 2147483647;
			files = (
			);
			runOnlyForDeploymentPostprocessing = 0;
		};
/* End PBXFrameworksBuildPhase section */

/* Begin PBXGroup section */
		6CC928F62B84FB0700EDDE78 = {
			isa = PBXGroup;
			children = (
				6CC929012B84FB0700EDDE78 /* FoodBookApp */,
				6CC929122B84FB0900EDDE78 /* FoodBookAppTests */,
				6CC9291C2B84FB0900EDDE78 /* FoodBookAppUITests */,
				6CC929002B84FB0700EDDE78 /* Products */,
			);
			sourceTree = "<group>";
		};
		6CC929002B84FB0700EDDE78 /* Products */ = {
			isa = PBXGroup;
			children = (
				6CC928FF2B84FB0700EDDE78 /* FoodBookApp.app */,
				6CC9290F2B84FB0900EDDE78 /* FoodBookAppTests.xctest */,
				6CC929192B84FB0900EDDE78 /* FoodBookAppUITests.xctest */,
			);
			name = Products;
			sourceTree = "<group>";
		};
		6CC929012B84FB0700EDDE78 /* FoodBookApp */ = {
			isa = PBXGroup;
			children = (
				6CC9292C2B84FFEE00EDDE78 /* FoodBookApp.swift */,
				6CC929042B84FB0700EDDE78 /* ContentView.swift */,
				6CC929062B84FB0900EDDE78 /* Assets.xcassets */,
				6CC929082B84FB0900EDDE78 /* Preview Content */,
			);
			path = FoodBookApp;
			sourceTree = "<group>";
		};
		6CC929082B84FB0900EDDE78 /* Preview Content */ = {
			isa = PBXGroup;
			children = (
				6CC929092B84FB0900EDDE78 /* Preview Assets.xcassets */,
			);
			path = "Preview Content";
			sourceTree = "<group>";
		};
		6CC929122B84FB0900EDDE78 /* FoodBookAppTests */ = {
			isa = PBXGroup;
			children = (
				6CC929132B84FB0900EDDE78 /* FoodBookAppTests.swift */,
			);
			path = FoodBookAppTests;
			sourceTree = "<group>";
		};
		6CC9291C2B84FB0900EDDE78 /* FoodBookAppUITests */ = {
			isa = PBXGroup;
			children = (
				6CC9291D2B84FB0900EDDE78 /* FoodBookAppUITests.swift */,
				6CC9291F2B84FB0900EDDE78 /* FoodBookAppUITestsLaunchTests.swift */,
			);
			path = FoodBookAppUITests;
			sourceTree = "<group>";
		};
/* End PBXGroup section */

/* Begin PBXNativeTarget section */
		6CC928FE2B84FB0700EDDE78 /* FoodBookApp */ = {
			isa = PBXNativeTarget;
			buildConfigurationList = 6CC929232B84FB0900EDDE78 /* Build configuration list for PBXNativeTarget "FoodBookApp" */;
			buildPhases = (
				6CC928FB2B84FB0700EDDE78 /* Sources */,
				6CC928FC2B84FB0700EDDE78 /* Frameworks */,
				6CC928FD2B84FB0700EDDE78 /* Resources */,
			);
			buildRules = (
			);
			dependencies = (
			);
			name = FoodBookApp;
			productName = FoodBookApp;
			productReference = 6CC928FF2B84FB0700EDDE78 /* FoodBookApp.app */;
			productType = "com.apple.product-type.application";
		};
		6CC9290E2B84FB0900EDDE78 /* FoodBookAppTests */ = {
			isa = PBXNativeTarget;
			buildConfigurationList = 6CC929262B84FB0900EDDE78 /* Build configuration list for PBXNativeTarget "FoodBookAppTests" */;
			buildPhases = (
				6CC9290B2B84FB0900EDDE78 /* Sources */,
				6CC9290C2B84FB0900EDDE78 /* Frameworks */,
				6CC9290D2B84FB0900EDDE78 /* Resources */,
			);
			buildRules = (
			);
			dependencies = (
				6CC929112B84FB0900EDDE78 /* PBXTargetDependency */,
			);
			name = FoodBookAppTests;
			productName = FoodBookAppTests;
			productReference = 6CC9290F2B84FB0900EDDE78 /* FoodBookAppTests.xctest */;
			productType = "com.apple.product-type.bundle.unit-test";
		};
		6CC929182B84FB0900EDDE78 /* FoodBookAppUITests */ = {
			isa = PBXNativeTarget;
			buildConfigurationList = 6CC929292B84FB0900EDDE78 /* Build configuration list for PBXNativeTarget "FoodBookAppUITests" */;
			buildPhases = (
				6CC929152B84FB0900EDDE78 /* Sources */,
				6CC929162B84FB0900EDDE78 /* Frameworks */,
				6CC929172B84FB0900EDDE78 /* Resources */,
			);
			buildRules = (
			);
			dependencies = (
				6CC9291B2B84FB0900EDDE78 /* PBXTargetDependency */,
			);
			name = FoodBookAppUITests;
			productName = FoodBookAppUITests;
			productReference = 6CC929192B84FB0900EDDE78 /* FoodBookAppUITests.xctest */;
			productType = "com.apple.product-type.bundle.ui-testing";
		};
/* End PBXNativeTarget section */

/* Begin PBXProject section */
		6CC928F72B84FB0700EDDE78 /* Project object */ = {
			isa = PBXProject;
			attributes = {
				BuildIndependentTargetsInParallel = 1;
				LastSwiftUpdateCheck = 1520;
				LastUpgradeCheck = 1520;
				TargetAttributes = {
					6CC928FE2B84FB0700EDDE78 = {
						CreatedOnToolsVersion = 15.2;
					};
					6CC9290E2B84FB0900EDDE78 = {
						CreatedOnToolsVersion = 15.2;
						TestTargetID = 6CC928FE2B84FB0700EDDE78;
					};
					6CC929182B84FB0900EDDE78 = {
						CreatedOnToolsVersion = 15.2;
						TestTargetID = 6CC928FE2B84FB0700EDDE78;
					};
				};
			};
			buildConfigurationList = 6CC928FA2B84FB0700EDDE78 /* Build configuration list for PBXProject "FoodBookApp" */;
			compatibilityVersion = "Xcode 14.0";
			developmentRegion = en;
			hasScannedForEncodings = 0;
			knownRegions = (
				en,
				Base,
			);
			mainGroup = 6CC928F62B84FB0700EDDE78;
			productRefGroup = 6CC929002B84FB0700EDDE78 /* Products */;
			projectDirPath = "";
			projectRoot = "";
			targets = (
				6CC928FE2B84FB0700EDDE78 /* FoodBookApp */,
				6CC9290E2B84FB0900EDDE78 /* FoodBookAppTests */,
				6CC929182B84FB0900EDDE78 /* FoodBookAppUITests */,
			);
		};
/* End PBXProject section */

/* Begin PBXResourcesBuildPhase section */
		6CC928FD2B84FB0700EDDE78 /* Resources */ = {
			isa = PBXResourcesBuildPhase;
			buildActionMask = 2147483647;
			files = (
				6CC9290A2B84FB0900EDDE78 /* Preview Assets.xcassets in Resources */,
				6CC929072B84FB0900EDDE78 /* Assets.xcassets in Resources */,
			);
			runOnlyForDeploymentPostprocessing = 0;
		};
		6CC9290D2B84FB0900EDDE78 /* Resources */ = {
			isa = PBXResourcesBuildPhase;
			buildActionMask = 2147483647;
			files = (
			);
			runOnlyForDeploymentPostprocessing = 0;
		};
		6CC929172B84FB0900EDDE78 /* Resources */ = {
			isa = PBXResourcesBuildPhase;
			buildActionMask = 2147483647;
			files = (
			);
			runOnlyForDeploymentPostprocessing = 0;
		};
/* End PBXResourcesBuildPhase section */

/* Begin PBXSourcesBuildPhase section */
		6CC928FB2B84FB0700EDDE78 /* Sources */ = {
			isa = PBXSourcesBuildPhase;
			buildActionMask = 2147483647;
			files = (
				6CC929052B84FB0700EDDE78 /* ContentView.swift in Sources */,
				6CC9292D2B84FFEE00EDDE78 /* FoodBookApp.swift in Sources */,
			);
			runOnlyForDeploymentPostprocessing = 0;
		};
		6CC9290B2B84FB0900EDDE78 /* Sources */ = {
			isa = PBXSourcesBuildPhase;
			buildActionMask = 2147483647;
			files = (
				6CC929142B84FB0900EDDE78 /* FoodBookAppTests.swift in Sources */,
			);
			runOnlyForDeploymentPostprocessing = 0;
		};
		6CC929152B84FB0900EDDE78 /* Sources */ = {
			isa = PBXSourcesBuildPhase;
			buildActionMask = 2147483647;
			files = (
				6CC9291E2B84FB0900EDDE78 /* FoodBookAppUITests.swift in Sources */,
				6CC929202B84FB0900EDDE78 /* FoodBookAppUITestsLaunchTests.swift in Sources */,
			);
			runOnlyForDeploymentPostprocessing = 0;
		};
/* End PBXSourcesBuildPhase section */

/* Begin PBXTargetDependency section */
		6CC929112B84FB0900EDDE78 /* PBXTargetDependency */ = {
			isa = PBXTargetDependency;
			target = 6CC928FE2B84FB0700EDDE78 /* FoodBookApp */;
			targetProxy = 6CC929102B84FB0900EDDE78 /* PBXContainerItemProxy */;
		};
		6CC9291B2B84FB0900EDDE78 /* PBXTargetDependency */ = {
			isa = PBXTargetDependency;
			target = 6CC928FE2B84FB0700EDDE78 /* FoodBookApp */;
			targetProxy = 6CC9291A2B84FB0900EDDE78 /* PBXContainerItemProxy */;
		};
/* End PBXTargetDependency section */

/* Begin XCBuildConfiguration section */
		6CC929212B84FB0900EDDE78 /* Debug */ = {
			isa = XCBuildConfiguration;
			buildSettings = {
				ALWAYS_SEARCH_USER_PATHS = NO;
				ASSETCATALOG_COMPILER_GENERATE_SWIFT_ASSET_SYMBOL_EXTENSIONS = YES;
				CLANG_ANALYZER_NONNULL = YES;
				CLANG_ANALYZER_NUMBER_OBJECT_CONVERSION = YES_AGGRESSIVE;
				CLANG_CXX_LANGUAGE_STANDARD = "gnu++20";
				CLANG_ENABLE_MODULES = YES;
				CLANG_ENABLE_OBJC_ARC = YES;
				CLANG_ENABLE_OBJC_WEAK = YES;
				CLANG_WARN_BLOCK_CAPTURE_AUTORELEASING = YES;
				CLANG_WARN_BOOL_CONVERSION = YES;
				CLANG_WARN_COMMA = YES;
				CLANG_WARN_CONSTANT_CONVERSION = YES;
				CLANG_WARN_DEPRECATED_OBJC_IMPLEMENTATIONS = YES;
				CLANG_WARN_DIRECT_OBJC_ISA_USAGE = YES_ERROR;
				CLANG_WARN_DOCUMENTATION_COMMENTS = YES;
				CLANG_WARN_EMPTY_BODY = YES;
				CLANG_WARN_ENUM_CONVERSION = YES;
				CLANG_WARN_INFINITE_RECURSION = YES;
				CLANG_WARN_INT_CONVERSION = YES;
				CLANG_WARN_NON_LITERAL_NULL_CONVERSION = YES;
				CLANG_WARN_OBJC_IMPLICIT_RETAIN_SELF = YES;
				CLANG_WARN_OBJC_LITERAL_CONVERSION = YES;
				CLANG_WARN_OBJC_ROOT_CLASS = YES_ERROR;
				CLANG_WARN_QUOTED_INCLUDE_IN_FRAMEWORK_HEADER = YES;
				CLANG_WARN_RANGE_LOOP_ANALYSIS = YES;
				CLANG_WARN_STRICT_PROTOTYPES = YES;
				CLANG_WARN_SUSPICIOUS_MOVE = YES;
				CLANG_WARN_UNGUARDED_AVAILABILITY = YES_AGGRESSIVE;
				CLANG_WARN_UNREACHABLE_CODE = YES;
				CLANG_WARN__DUPLICATE_METHOD_MATCH = YES;
				COPY_PHASE_STRIP = NO;
				DEBUG_INFORMATION_FORMAT = dwarf;
				ENABLE_STRICT_OBJC_MSGSEND = YES;
				ENABLE_TESTABILITY = YES;
				ENABLE_USER_SCRIPT_SANDBOXING = YES;
				GCC_C_LANGUAGE_STANDARD = gnu17;
				GCC_DYNAMIC_NO_PIC = NO;
				GCC_NO_COMMON_BLOCKS = YES;
				GCC_OPTIMIZATION_LEVEL = 0;
				GCC_PREPROCESSOR_DEFINITIONS = (
					"DEBUG=1",
					"$(inherited)",
				);
				GCC_WARN_64_TO_32_BIT_CONVERSION = YES;
				GCC_WARN_ABOUT_RETURN_TYPE = YES_ERROR;
				GCC_WARN_UNDECLARED_SELECTOR = YES;
				GCC_WARN_UNINITIALIZED_AUTOS = YES_AGGRESSIVE;
				GCC_WARN_UNUSED_FUNCTION = YES;
				GCC_WARN_UNUSED_VARIABLE = YES;
				IPHONEOS_DEPLOYMENT_TARGET = 17.2;
				LOCALIZATION_PREFERS_STRING_CATALOGS = YES;
				MTL_ENABLE_DEBUG_INFO = INCLUDE_SOURCE;
				MTL_FAST_MATH = YES;
				ONLY_ACTIVE_ARCH = YES;
				SDKROOT = iphoneos;
				SWIFT_ACTIVE_COMPILATION_CONDITIONS = "DEBUG $(inherited)";
				SWIFT_OPTIMIZATION_LEVEL = "-Onone";
			};
			name = Debug;
		};
		6CC929222B84FB0900EDDE78 /* Release */ = {
			isa = XCBuildConfiguration;
			buildSettings = {
				ALWAYS_SEARCH_USER_PATHS = NO;
				ASSETCATALOG_COMPILER_GENERATE_SWIFT_ASSET_SYMBOL_EXTENSIONS = YES;
				CLANG_ANALYZER_NONNULL = YES;
				CLANG_ANALYZER_NUMBER_OBJECT_CONVERSION = YES_AGGRESSIVE;
				CLANG_CXX_LANGUAGE_STANDARD = "gnu++20";
				CLANG_ENABLE_MODULES = YES;
				CLANG_ENABLE_OBJC_ARC = YES;
				CLANG_ENABLE_OBJC_WEAK = YES;
				CLANG_WARN_BLOCK_CAPTURE_AUTORELEASING = YES;
				CLANG_WARN_BOOL_CONVERSION = YES;
				CLANG_WARN_COMMA = YES;
				CLANG_WARN_CONSTANT_CONVERSION = YES;
				CLANG_WARN_DEPRECATED_OBJC_IMPLEMENTATIONS = YES;
				CLANG_WARN_DIRECT_OBJC_ISA_USAGE = YES_ERROR;
				CLANG_WARN_DOCUMENTATION_COMMENTS = YES;
				CLANG_WARN_EMPTY_BODY = YES;
				CLANG_WARN_ENUM_CONVERSION = YES;
				CLANG_WARN_INFINITE_RECURSION = YES;
				CLANG_WARN_INT_CONVERSION = YES;
				CLANG_WARN_NON_LITERAL_NULL_CONVERSION = YES;
				CLANG_WARN_OBJC_IMPLICIT_RETAIN_SELF = YES;
				CLANG_WARN_OBJC_LITERAL_CONVERSION = YES;
				CLANG_WARN_OBJC_ROOT_CLASS = YES_ERROR;
				CLANG_WARN_QUOTED_INCLUDE_IN_FRAMEWORK_HEADER = YES;
				CLANG_WARN_RANGE_LOOP_ANALYSIS = YES;
				CLANG_WARN_STRICT_PROTOTYPES = YES;
				CLANG_WARN_SUSPICIOUS_MOVE = YES;
				CLANG_WARN_UNGUARDED_AVAILABILITY = YES_AGGRESSIVE;
				CLANG_WARN_UNREACHABLE_CODE = YES;
				CLANG_WARN__DUPLICATE_METHOD_MATCH = YES;
				COPY_PHASE_STRIP = NO;
				DEBUG_INFORMATION_FORMAT = "dwarf-with-dsym";
				ENABLE_NS_ASSERTIONS = NO;
				ENABLE_STRICT_OBJC_MSGSEND = YES;
				ENABLE_USER_SCRIPT_SANDBOXING = YES;
				GCC_C_LANGUAGE_STANDARD = gnu17;
				GCC_NO_COMMON_BLOCKS = YES;
				GCC_WARN_64_TO_32_BIT_CONVERSION = YES;
				GCC_WARN_ABOUT_RETURN_TYPE = YES_ERROR;
				GCC_WARN_UNDECLARED_SELECTOR = YES;
				GCC_WARN_UNINITIALIZED_AUTOS = YES_AGGRESSIVE;
				GCC_WARN_UNUSED_FUNCTION = YES;
				GCC_WARN_UNUSED_VARIABLE = YES;
				IPHONEOS_DEPLOYMENT_TARGET = 17.2;
				LOCALIZATION_PREFERS_STRING_CATALOGS = YES;
				MTL_ENABLE_DEBUG_INFO = NO;
				MTL_FAST_MATH = YES;
				SDKROOT = iphoneos;
				SWIFT_COMPILATION_MODE = wholemodule;
				VALIDATE_PRODUCT = YES;
			};
			name = Release;
		};
		6CC929242B84FB0900EDDE78 /* Debug */ = {
			isa = XCBuildConfiguration;
			buildSettings = {
				ASSETCATALOG_COMPILER_APPICON_NAME = AppIcon;
				ASSETCATALOG_COMPILER_GLOBAL_ACCENT_COLOR_NAME = AccentColor;
				CODE_SIGN_STYLE = Automatic;
				CURRENT_PROJECT_VERSION = 1;
				DEVELOPMENT_ASSET_PATHS = "\"FoodBookApp/Preview Content\"";
				ENABLE_PREVIEWS = YES;
				GENERATE_INFOPLIST_FILE = YES;
				INFOPLIST_KEY_UIApplicationSceneManifest_Generation = YES;
				INFOPLIST_KEY_UIApplicationSupportsIndirectInputEvents = YES;
				INFOPLIST_KEY_UILaunchScreen_Generation = YES;
				INFOPLIST_KEY_UISupportedInterfaceOrientations_iPad = "UIInterfaceOrientationPortrait UIInterfaceOrientationPortraitUpsideDown UIInterfaceOrientationLandscapeLeft UIInterfaceOrientationLandscapeRight";
				INFOPLIST_KEY_UISupportedInterfaceOrientations_iPhone = "UIInterfaceOrientationPortrait UIInterfaceOrientationLandscapeLeft UIInterfaceOrientationLandscapeRight";
				LD_RUNPATH_SEARCH_PATHS = (
					"$(inherited)",
					"@executable_path/Frameworks",
				);
				MARKETING_VERSION = 1.0;
				PRODUCT_BUNDLE_IDENTIFIER = Team23.FoodBookApp;
				PRODUCT_NAME = "$(TARGET_NAME)";
				SWIFT_EMIT_LOC_STRINGS = YES;
				SWIFT_VERSION = 5.0;
				TARGETED_DEVICE_FAMILY = "1,2";
			};
			name = Debug;
		};
		6CC929252B84FB0900EDDE78 /* Release */ = {
			isa = XCBuildConfiguration;
			buildSettings = {
				ASSETCATALOG_COMPILER_APPICON_NAME = AppIcon;
				ASSETCATALOG_COMPILER_GLOBAL_ACCENT_COLOR_NAME = AccentColor;
				CODE_SIGN_STYLE = Automatic;
				CURRENT_PROJECT_VERSION = 1;
				DEVELOPMENT_ASSET_PATHS = "\"FoodBookApp/Preview Content\"";
				ENABLE_PREVIEWS = YES;
				GENERATE_INFOPLIST_FILE = YES;
				INFOPLIST_KEY_UIApplicationSceneManifest_Generation = YES;
				INFOPLIST_KEY_UIApplicationSupportsIndirectInputEvents = YES;
				INFOPLIST_KEY_UILaunchScreen_Generation = YES;
				INFOPLIST_KEY_UISupportedInterfaceOrientations_iPad = "UIInterfaceOrientationPortrait UIInterfaceOrientationPortraitUpsideDown UIInterfaceOrientationLandscapeLeft UIInterfaceOrientationLandscapeRight";
				INFOPLIST_KEY_UISupportedInterfaceOrientations_iPhone = "UIInterfaceOrientationPortrait UIInterfaceOrientationLandscapeLeft UIInterfaceOrientationLandscapeRight";
				LD_RUNPATH_SEARCH_PATHS = (
					"$(inherited)",
					"@executable_path/Frameworks",
				);
				MARKETING_VERSION = 1.0;
				PRODUCT_BUNDLE_IDENTIFIER = Team23.FoodBookApp;
				PRODUCT_NAME = "$(TARGET_NAME)";
				SWIFT_EMIT_LOC_STRINGS = YES;
				SWIFT_VERSION = 5.0;
				TARGETED_DEVICE_FAMILY = "1,2";
			};
			name = Release;
		};
		6CC929272B84FB0900EDDE78 /* Debug */ = {
			isa = XCBuildConfiguration;
			buildSettings = {
				ALWAYS_EMBED_SWIFT_STANDARD_LIBRARIES = YES;
				BUNDLE_LOADER = "$(TEST_HOST)";
				CODE_SIGN_STYLE = Automatic;
				CURRENT_PROJECT_VERSION = 1;
				GENERATE_INFOPLIST_FILE = YES;
				IPHONEOS_DEPLOYMENT_TARGET = 17.2;
				MARKETING_VERSION = 1.0;
				PRODUCT_BUNDLE_IDENTIFIER = Team23.FoodBookAppTests;
				PRODUCT_NAME = "$(TARGET_NAME)";
				SWIFT_EMIT_LOC_STRINGS = NO;
				SWIFT_VERSION = 5.0;
				TARGETED_DEVICE_FAMILY = "1,2";
				TEST_HOST = "$(BUILT_PRODUCTS_DIR)/FoodBookApp.app/$(BUNDLE_EXECUTABLE_FOLDER_PATH)/FoodBookApp";
			};
			name = Debug;
		};
		6CC929282B84FB0900EDDE78 /* Release */ = {
			isa = XCBuildConfiguration;
			buildSettings = {
				ALWAYS_EMBED_SWIFT_STANDARD_LIBRARIES = YES;
				BUNDLE_LOADER = "$(TEST_HOST)";
				CODE_SIGN_STYLE = Automatic;
				CURRENT_PROJECT_VERSION = 1;
				GENERATE_INFOPLIST_FILE = YES;
				IPHONEOS_DEPLOYMENT_TARGET = 17.2;
				MARKETING_VERSION = 1.0;
				PRODUCT_BUNDLE_IDENTIFIER = Team23.FoodBookAppTests;
				PRODUCT_NAME = "$(TARGET_NAME)";
				SWIFT_EMIT_LOC_STRINGS = NO;
				SWIFT_VERSION = 5.0;
				TARGETED_DEVICE_FAMILY = "1,2";
				TEST_HOST = "$(BUILT_PRODUCTS_DIR)/FoodBookApp.app/$(BUNDLE_EXECUTABLE_FOLDER_PATH)/FoodBookApp";
			};
			name = Release;
		};
		6CC9292A2B84FB0900EDDE78 /* Debug */ = {
			isa = XCBuildConfiguration;
			buildSettings = {
				ALWAYS_EMBED_SWIFT_STANDARD_LIBRARIES = YES;
				CODE_SIGN_STYLE = Automatic;
				CURRENT_PROJECT_VERSION = 1;
				GENERATE_INFOPLIST_FILE = YES;
				MARKETING_VERSION = 1.0;
				PRODUCT_BUNDLE_IDENTIFIER = Team23.FoodBookAppUITests;
				PRODUCT_NAME = "$(TARGET_NAME)";
				SWIFT_EMIT_LOC_STRINGS = NO;
				SWIFT_VERSION = 5.0;
				TARGETED_DEVICE_FAMILY = "1,2";
				TEST_TARGET_NAME = FoodBookApp;
			};
			name = Debug;
		};
		6CC9292B2B84FB0900EDDE78 /* Release */ = {
			isa = XCBuildConfiguration;
			buildSettings = {
				ALWAYS_EMBED_SWIFT_STANDARD_LIBRARIES = YES;
				CODE_SIGN_STYLE = Automatic;
				CURRENT_PROJECT_VERSION = 1;
				GENERATE_INFOPLIST_FILE = YES;
				MARKETING_VERSION = 1.0;
				PRODUCT_BUNDLE_IDENTIFIER = Team23.FoodBookAppUITests;
				PRODUCT_NAME = "$(TARGET_NAME)";
				SWIFT_EMIT_LOC_STRINGS = NO;
				SWIFT_VERSION = 5.0;
				TARGETED_DEVICE_FAMILY = "1,2";
				TEST_TARGET_NAME = FoodBookApp;
			};
			name = Release;
		};
/* End XCBuildConfiguration section */

/* Begin XCConfigurationList section */
		6CC928FA2B84FB0700EDDE78 /* Build configuration list for PBXProject "FoodBookApp" */ = {
			isa = XCConfigurationList;
			buildConfigurations = (
				6CC929212B84FB0900EDDE78 /* Debug */,
				6CC929222B84FB0900EDDE78 /* Release */,
			);
			defaultConfigurationIsVisible = 0;
			defaultConfigurationName = Release;
		};
		6CC929232B84FB0900EDDE78 /* Build configuration list for PBXNativeTarget "FoodBookApp" */ = {
			isa = XCConfigurationList;
			buildConfigurations = (
				6CC929242B84FB0900EDDE78 /* Debug */,
				6CC929252B84FB0900EDDE78 /* Release */,
			);
			defaultConfigurationIsVisible = 0;
			defaultConfigurationName = Release;
		};
		6CC929262B84FB0900EDDE78 /* Build configuration list for PBXNativeTarget "FoodBookAppTests" */ = {
			isa = XCConfigurationList;
			buildConfigurations = (
				6CC929272B84FB0900EDDE78 /* Debug */,
				6CC929282B84FB0900EDDE78 /* Release */,
			);
			defaultConfigurationIsVisible = 0;
			defaultConfigurationName = Release;
		};
		6CC929292B84FB0900EDDE78 /* Build configuration list for PBXNativeTarget "FoodBookAppUITests" */ = {
			isa = XCConfigurationList;
			buildConfigurations = (
				6CC9292A2B84FB0900EDDE78 /* Debug */,
				6CC9292B2B84FB0900EDDE78 /* Release */,
			);
			defaultConfigurationIsVisible = 0;
			defaultConfigurationName = Release;
		};
/* End XCConfigurationList section */
	};
	rootObject = 6CC928F72B84FB0700EDDE78 /* Project object */;
}
